// !$*UTF8*$!
{
	archiveVersion = 1;
	classes = {
	};
	objectVersion = 46;
	objects = {

/* Begin PBXBuildFile section */
		7023F04716DC3822009306C2 /* NGBaseViewController.m in Sources */ = {isa = PBXBuildFile; fileRef = 7023F04616DC3822009306C2 /* NGBaseViewController.m */; };
		7023F04F16DC3ADE009306C2 /* BBDomainObjectBase.m in Sources */ = {isa = PBXBuildFile; fileRef = 7023F04B16DC3ADE009306C2 /* BBDomainObjectBase.m */; };
		7023F05016DC3ADE009306C2 /* BBObservableObject.m in Sources */ = {isa = PBXBuildFile; fileRef = 7023F04D16DC3ADE009306C2 /* BBObservableObject.m */; };
		7023F05416DC3B6B009306C2 /* MMExceptionUtils.m in Sources */ = {isa = PBXBuildFile; fileRef = 7023F05316DC3B6B009306C2 /* MMExceptionUtils.m */; };
		7023F05816DC3C44009306C2 /* NGCoreTimer.m in Sources */ = {isa = PBXBuildFile; fileRef = 7023F05716DC3C44009306C2 /* NGCoreTimer.m */; };
		7023F05B16DC53A4009306C2 /* NSDate+NGExtensions.m in Sources */ = {isa = PBXBuildFile; fileRef = 7023F05A16DC53A4009306C2 /* NSDate+NGExtensions.m */; };
		7023F05F16DC57F4009306C2 /* NGCameraViewController.m in Sources */ = {isa = PBXBuildFile; fileRef = 7023F05E16DC57F4009306C2 /* NGCameraViewController.m */; };
		7046BD9C16DD45600077BB39 /* GothamBold.otf in Resources */ = {isa = PBXBuildFile; fileRef = 7046BD9B16DD45600077BB39 /* GothamBold.otf */; };
		7046BD9E16DD466B0077BB39 /* GothamBook.otf in Resources */ = {isa = PBXBuildFile; fileRef = 7046BD9D16DD466B0077BB39 /* GothamBook.otf */; };
		7046BDA216DD477C0077BB39 /* GothamNarrow-Bold.otf in Resources */ = {isa = PBXBuildFile; fileRef = 7046BDA016DD477C0077BB39 /* GothamNarrow-Bold.otf */; };
		7046BDA316DD477C0077BB39 /* GothamNarrow-Bold.otf in Resources */ = {isa = PBXBuildFile; fileRef = 7046BDA016DD477C0077BB39 /* GothamNarrow-Bold.otf */; };
		7046BDA416DD477C0077BB39 /* GothamNarrow-Book.otf in Resources */ = {isa = PBXBuildFile; fileRef = 7046BDA116DD477C0077BB39 /* GothamNarrow-Book.otf */; };
		7046BDA516DD477C0077BB39 /* GothamNarrow-Book.otf in Resources */ = {isa = PBXBuildFile; fileRef = 7046BDA116DD477C0077BB39 /* GothamNarrow-Book.otf */; };
		7046BDA816DD4C5F0077BB39 /* UILabel+NGExtensions.m in Sources */ = {isa = PBXBuildFile; fileRef = 7046BDA716DD4C5F0077BB39 /* UILabel+NGExtensions.m */; };
		7046BDA916DD4C5F0077BB39 /* UILabel+NGExtensions.m in Sources */ = {isa = PBXBuildFile; fileRef = 7046BDA716DD4C5F0077BB39 /* UILabel+NGExtensions.m */; };
		7046BDAB16DD4F4A0077BB39 /* GothamNarrow-Medium.otf in Resources */ = {isa = PBXBuildFile; fileRef = 7046BDAA16DD4F4A0077BB39 /* GothamNarrow-Medium.otf */; };
		7046BDB016DD67C20077BB39 /* NGCameraView.m in Sources */ = {isa = PBXBuildFile; fileRef = 7046BDAF16DD67C20077BB39 /* NGCameraView.m */; };
		7049A3BA16E5818C00900216 /* AFHTTPClient.m in Sources */ = {isa = PBXBuildFile; fileRef = 7049A3A816E5818C00900216 /* AFHTTPClient.m */; };
		7049A3BB16E5818C00900216 /* AFHTTPRequestOperation.m in Sources */ = {isa = PBXBuildFile; fileRef = 7049A3AA16E5818C00900216 /* AFHTTPRequestOperation.m */; };
		7049A3BC16E5818C00900216 /* AFImageRequestOperation.m in Sources */ = {isa = PBXBuildFile; fileRef = 7049A3AC16E5818C00900216 /* AFImageRequestOperation.m */; };
		7049A3BD16E5818C00900216 /* AFJSONRequestOperation.m in Sources */ = {isa = PBXBuildFile; fileRef = 7049A3AE16E5818C00900216 /* AFJSONRequestOperation.m */; };
		7049A3BE16E5818C00900216 /* AFNetworkActivityIndicatorManager.m in Sources */ = {isa = PBXBuildFile; fileRef = 7049A3B016E5818C00900216 /* AFNetworkActivityIndicatorManager.m */; };
		7049A3BF16E5818C00900216 /* AFPropertyListRequestOperation.m in Sources */ = {isa = PBXBuildFile; fileRef = 7049A3B316E5818C00900216 /* AFPropertyListRequestOperation.m */; };
		7049A3C016E5818C00900216 /* AFURLConnectionOperation.m in Sources */ = {isa = PBXBuildFile; fileRef = 7049A3B516E5818C00900216 /* AFURLConnectionOperation.m */; };
		7049A3C116E5818C00900216 /* AFXMLRequestOperation.m in Sources */ = {isa = PBXBuildFile; fileRef = 7049A3B716E5818C00900216 /* AFXMLRequestOperation.m */; };
		7049A3C216E5818C00900216 /* UIImageView+AFNetworking.m in Sources */ = {isa = PBXBuildFile; fileRef = 7049A3B916E5818C00900216 /* UIImageView+AFNetworking.m */; };
		7049A3C616E583EB00900216 /* NGImageRecognizer.m in Sources */ = {isa = PBXBuildFile; fileRef = 7049A3C516E583EB00900216 /* NGImageRecognizer.m */; };
		7049A3CA16E585CD00900216 /* NGFaceRecognitionResult.m in Sources */ = {isa = PBXBuildFile; fileRef = 7049A3C916E585CD00900216 /* NGFaceRecognitionResult.m */; };
		7049A3CD16E585E700900216 /* NGFaceRecognitionAlbum.m in Sources */ = {isa = PBXBuildFile; fileRef = 7049A3CC16E585E700900216 /* NGFaceRecognitionAlbum.m */; };
		7049A3CF16E6679E00900216 /* AssetsLibrary.framework in Frameworks */ = {isa = PBXBuildFile; fileRef = 7049A3CE16E6679D00900216 /* AssetsLibrary.framework */; };
		7049A3D216E66A3600900216 /* UIImage+NGExtensions.m in Sources */ = {isa = PBXBuildFile; fileRef = 7049A3D116E66A3600900216 /* UIImage+NGExtensions.m */; };
		704E6F8616EA5EDF00255501 /* NGCheckinData.m in Sources */ = {isa = PBXBuildFile; fileRef = 704E6F8516EA5EDF00255501 /* NGCheckinData.m */; };
		704E6F8916EAA9D500255501 /* NGTimeClockCloudObject.m in Sources */ = {isa = PBXBuildFile; fileRef = 704E6F8816EAA9D500255501 /* NGTimeClockCloudObject.m */; };
		704E6F8D16EAB4D700255501 /* ClockBg.png in Resources */ = {isa = PBXBuildFile; fileRef = 704E6F8B16EAB4D700255501 /* ClockBg.png */; };
		704E6F8E16EAB4D700255501 /* ClockBg@2x.png in Resources */ = {isa = PBXBuildFile; fileRef = 704E6F8C16EAB4D700255501 /* ClockBg@2x.png */; };
		704E6F9116EAB81300255501 /* LockscreenBg.png in Resources */ = {isa = PBXBuildFile; fileRef = 704E6F8F16EAB81300255501 /* LockscreenBg.png */; };
		704E6F9216EAB81300255501 /* LockscreenBg@2x.png in Resources */ = {isa = PBXBuildFile; fileRef = 704E6F9016EAB81300255501 /* LockscreenBg@2x.png */; };
		704E6F9416EAB89F00255501 /* GothamNarrow-Light.otf in Resources */ = {isa = PBXBuildFile; fileRef = 704E6F9316EAB89F00255501 /* GothamNarrow-Light.otf */; };
		704E6F9516EABB4700255501 /* GothamNarrow-Light.otf in Resources */ = {isa = PBXBuildFile; fileRef = 704E6F9316EAB89F00255501 /* GothamNarrow-Light.otf */; };
		704E6F9B16EABBF200255501 /* Box.png in Resources */ = {isa = PBXBuildFile; fileRef = 704E6F9716EABBF200255501 /* Box.png */; };
		704E6F9C16EABBF200255501 /* Box@2x.png in Resources */ = {isa = PBXBuildFile; fileRef = 704E6F9816EABBF200255501 /* Box@2x.png */; };
		704E6F9D16EABBF200255501 /* FaceBox.png in Resources */ = {isa = PBXBuildFile; fileRef = 704E6F9916EABBF200255501 /* FaceBox.png */; };
		704E6F9E16EABBF200255501 /* FaceBox@2x.png in Resources */ = {isa = PBXBuildFile; fileRef = 704E6F9A16EABBF200255501 /* FaceBox@2x.png */; };
		704E6FA016EABDDF00255501 /* TableBackground.png in Resources */ = {isa = PBXBuildFile; fileRef = 704E6F9F16EABDDF00255501 /* TableBackground.png */; };
		704E6FA216EABDF700255501 /* TableBackground@2x.png in Resources */ = {isa = PBXBuildFile; fileRef = 704E6FA116EABDF700255501 /* TableBackground@2x.png */; };
		704E6FA516EABEB000255501 /* TopBar.png in Resources */ = {isa = PBXBuildFile; fileRef = 704E6FA316EABEB000255501 /* TopBar.png */; };
		704E6FA616EABEB000255501 /* TopBar@2x.png in Resources */ = {isa = PBXBuildFile; fileRef = 704E6FA416EABEB000255501 /* TopBar@2x.png */; };
		704E6FA916EABF3B00255501 /* CancelButton.png in Resources */ = {isa = PBXBuildFile; fileRef = 704E6FA716EABF3B00255501 /* CancelButton.png */; };
		704E6FAA16EABF3B00255501 /* CancelButton@2x.png in Resources */ = {isa = PBXBuildFile; fileRef = 704E6FA816EABF3B00255501 /* CancelButton@2x.png */; };
		704E6FAD16EAC3F400255501 /* ProfileBackground.png in Resources */ = {isa = PBXBuildFile; fileRef = 704E6FAB16EAC3F400255501 /* ProfileBackground.png */; };
		704E6FAE16EAC3F400255501 /* ProfileBackground@2x.png in Resources */ = {isa = PBXBuildFile; fileRef = 704E6FAC16EAC3F400255501 /* ProfileBackground@2x.png */; };
		704E6FB116EAC50000255501 /* LineSeparator.png in Resources */ = {isa = PBXBuildFile; fileRef = 704E6FAF16EAC4FF00255501 /* LineSeparator.png */; };
		704E6FB216EAC50000255501 /* LineSeparator@2x.png in Resources */ = {isa = PBXBuildFile; fileRef = 704E6FB016EAC50000255501 /* LineSeparator@2x.png */; };
		709EC20116DBEF99005F891C /* UIKit.framework in Frameworks */ = {isa = PBXBuildFile; fileRef = 709EC20016DBEF99005F891C /* UIKit.framework */; };
		709EC20316DBEF99005F891C /* Foundation.framework in Frameworks */ = {isa = PBXBuildFile; fileRef = 709EC20216DBEF99005F891C /* Foundation.framework */; };
		709EC20516DBEF99005F891C /* CoreGraphics.framework in Frameworks */ = {isa = PBXBuildFile; fileRef = 709EC20416DBEF99005F891C /* CoreGraphics.framework */; };
		709EC20B16DBEF99005F891C /* InfoPlist.strings in Resources */ = {isa = PBXBuildFile; fileRef = 709EC20916DBEF99005F891C /* InfoPlist.strings */; };
		709EC20D16DBEF99005F891C /* main.m in Sources */ = {isa = PBXBuildFile; fileRef = 709EC20C16DBEF99005F891C /* main.m */; };
		709EC21116DBEF99005F891C /* NGAppDelegate.m in Sources */ = {isa = PBXBuildFile; fileRef = 709EC21016DBEF99005F891C /* NGAppDelegate.m */; };
		709EC21316DBEF99005F891C /* Default.png in Resources */ = {isa = PBXBuildFile; fileRef = 709EC21216DBEF99005F891C /* Default.png */; };
		709EC21516DBEF99005F891C /* Default@2x.png in Resources */ = {isa = PBXBuildFile; fileRef = 709EC21416DBEF99005F891C /* Default@2x.png */; };
		709EC21716DBEF99005F891C /* Default-568h@2x.png in Resources */ = {isa = PBXBuildFile; fileRef = 709EC21616DBEF99005F891C /* Default-568h@2x.png */; };
		709EC21A16DBEF99005F891C /* NGLockScreenController.m in Sources */ = {isa = PBXBuildFile; fileRef = 709EC21916DBEF99005F891C /* NGLockScreenController.m */; };
		709EC22516DBEF99005F891C /* SenTestingKit.framework in Frameworks */ = {isa = PBXBuildFile; fileRef = 709EC22416DBEF99005F891C /* SenTestingKit.framework */; };
		709EC22616DBEF99005F891C /* UIKit.framework in Frameworks */ = {isa = PBXBuildFile; fileRef = 709EC20016DBEF99005F891C /* UIKit.framework */; };
		709EC22716DBEF99005F891C /* Foundation.framework in Frameworks */ = {isa = PBXBuildFile; fileRef = 709EC20216DBEF99005F891C /* Foundation.framework */; };
		709EC22F16DBEF99005F891C /* InfoPlist.strings in Resources */ = {isa = PBXBuildFile; fileRef = 709EC22D16DBEF99005F891C /* InfoPlist.strings */; };
		709EC23216DBEF9A005F891C /* FaceCheckinTests.m in Sources */ = {isa = PBXBuildFile; fileRef = 709EC23116DBEF9A005F891C /* FaceCheckinTests.m */; };
		70B6D3A516EEA2940083687F /* ClockInButton-Normal.png in Resources */ = {isa = PBXBuildFile; fileRef = 70B6D39916EEA2940083687F /* ClockInButton-Normal.png */; };
		70B6D3A616EEA2940083687F /* ClockInButton-Normal@2x.png in Resources */ = {isa = PBXBuildFile; fileRef = 70B6D39A16EEA2940083687F /* ClockInButton-Normal@2x.png */; };
		70B6D3A716EEA2940083687F /* ClockInButton-Pressed.png in Resources */ = {isa = PBXBuildFile; fileRef = 70B6D39B16EEA2940083687F /* ClockInButton-Pressed.png */; };
		70B6D3A816EEA2940083687F /* ClockInButton-Pressed@2x.png in Resources */ = {isa = PBXBuildFile; fileRef = 70B6D39C16EEA2940083687F /* ClockInButton-Pressed@2x.png */; };
		70B6D3A916EEA2940083687F /* ClockOutButton-Normal.png in Resources */ = {isa = PBXBuildFile; fileRef = 70B6D39D16EEA2940083687F /* ClockOutButton-Normal.png */; };
		70B6D3AA16EEA2940083687F /* ClockOutButton-Normal@2x.png in Resources */ = {isa = PBXBuildFile; fileRef = 70B6D39E16EEA2940083687F /* ClockOutButton-Normal@2x.png */; };
		70B6D3AB16EEA2940083687F /* ClockOutButton-Pressed.png in Resources */ = {isa = PBXBuildFile; fileRef = 70B6D39F16EEA2940083687F /* ClockOutButton-Pressed.png */; };
		70B6D3AC16EEA2940083687F /* ClockOutButton-Pressed@2x.png in Resources */ = {isa = PBXBuildFile; fileRef = 70B6D3A016EEA2940083687F /* ClockOutButton-Pressed@2x.png */; };
		70B6D3AD16EEA2940083687F /* DoneButton-Normal.png in Resources */ = {isa = PBXBuildFile; fileRef = 70B6D3A116EEA2940083687F /* DoneButton-Normal.png */; };
		70B6D3AE16EEA2940083687F /* DoneButton-Normal@2x.png in Resources */ = {isa = PBXBuildFile; fileRef = 70B6D3A216EEA2940083687F /* DoneButton-Normal@2x.png */; };
		70B6D3AF16EEA2940083687F /* DoneButton-Pressed.png in Resources */ = {isa = PBXBuildFile; fileRef = 70B6D3A316EEA2940083687F /* DoneButton-Pressed.png */; };
		70B6D3B016EEA2940083687F /* DoneButton-Pressed@2x.png in Resources */ = {isa = PBXBuildFile; fileRef = 70B6D3A416EEA2940083687F /* DoneButton-Pressed@2x.png */; };
		70B6D3B316EEA5490083687F /* VGMultistateButton.m in Sources */ = {isa = PBXBuildFile; fileRef = 70B6D3B216EEA5490083687F /* VGMultistateButton.m */; };
		70B6D3B616EEA8A90083687F /* VGMultistateButton+NGExtensions.m in Sources */ = {isa = PBXBuildFile; fileRef = 70B6D3B516EEA8A90083687F /* VGMultistateButton+NGExtensions.m */; };
		70B6D3B816EFB86D0083687F /* NGTimerArrow.xib in Resources */ = {isa = PBXBuildFile; fileRef = 70B6D3B716EFB86D0083687F /* NGTimerArrow.xib */; };
		70B6D3BB16EFB89D0083687F /* NGTimerArrow.m in Sources */ = {isa = PBXBuildFile; fileRef = 70B6D3BA16EFB89C0083687F /* NGTimerArrow.m */; };
		70B6D3BE16EFCB7A0083687F /* UIView+NGExtensions.m in Sources */ = {isa = PBXBuildFile; fileRef = 70B6D3BD16EFCB790083687F /* UIView+NGExtensions.m */; };
		70C7C98316DFD000001EE73F /* NGCameraViewController.xib in Resources */ = {isa = PBXBuildFile; fileRef = 70C7C98116DFD000001EE73F /* NGCameraViewController.xib */; };
		70C7C98416DFD000001EE73F /* NGLockScreenController.xib in Resources */ = {isa = PBXBuildFile; fileRef = 70C7C98216DFD000001EE73F /* NGLockScreenController.xib */; };
		70C7C98716DFD0A0001EE73F /* NGUserPanelController.m in Sources */ = {isa = PBXBuildFile; fileRef = 70C7C98616DFD0A0001EE73F /* NGUserPanelController.m */; };
		70C7C98916DFD0B6001EE73F /* NGUserPanelController.xib in Resources */ = {isa = PBXBuildFile; fileRef = 70C7C98816DFD0B6001EE73F /* NGUserPanelController.xib */; };
		70C7C99D16DFDBFA001EE73F /* CUCellFramework.m in Sources */ = {isa = PBXBuildFile; fileRef = 70C7C99816DFDBFA001EE73F /* CUCellFramework.m */; };
		70C7C99E16DFDBFA001EE73F /* CUCellBase.m in Sources */ = {isa = PBXBuildFile; fileRef = 70C7C99C16DFDBFA001EE73F /* CUCellBase.m */; };
		70C7C9A516DFE064001EE73F /* NGNibView.m in Sources */ = {isa = PBXBuildFile; fileRef = 70C7C9A416DFE064001EE73F /* NGNibView.m */; };
		70C7C9AD16DFE63E001EE73F /* NGDailyReportCell.m in Sources */ = {isa = PBXBuildFile; fileRef = 70C7C9AC16DFE63E001EE73F /* NGDailyReportCell.m */; };
		70C7C9B016DFE671001EE73F /* NGDailyReportCell.xib in Resources */ = {isa = PBXBuildFile; fileRef = 70C7C9AF16DFE671001EE73F /* NGDailyReportCell.xib */; };
		70C7C9B416DFE826001EE73F /* NGDailyReportCellObject.m in Sources */ = {isa = PBXBuildFile; fileRef = 70C7C9B316DFE826001EE73F /* NGDailyReportCellObject.m */; };
		70C7C9B816DFEACD001EE73F /* NGDomainObjectBase.m in Sources */ = {isa = PBXBuildFile; fileRef = 70C7C9B716DFEACD001EE73F /* NGDomainObjectBase.m */; };
		70C7C9BB16DFEB08001EE73F /* NGDailyTimeClockData.m in Sources */ = {isa = PBXBuildFile; fileRef = 70C7C9BA16DFEB08001EE73F /* NGDailyTimeClockData.m */; };
		70C7C9C316E021C0001EE73F /* QuartzCore.framework in Frameworks */ = {isa = PBXBuildFile; fileRef = 70C7C9C216E021C0001EE73F /* QuartzCore.framework */; };
		70C7C9C616E02724001EE73F /* NGHourlyStatus.m in Sources */ = {isa = PBXBuildFile; fileRef = 70C7C9C516E02724001EE73F /* NGHourlyStatus.m */; };
		70C7C9C816E02738001EE73F /* NGHourlyStatus.xib in Resources */ = {isa = PBXBuildFile; fileRef = 70C7C9C716E02738001EE73F /* NGHourlyStatus.xib */; };
		70C7C9CB16E06B34001EE73F /* NGCheckinInterval.xib in Resources */ = {isa = PBXBuildFile; fileRef = 70C7C9CA16E06B34001EE73F /* NGCheckinInterval.xib */; };
		70C7C9D016E13A43001EE73F /* NGCheckinInterval.m in Sources */ = {isa = PBXBuildFile; fileRef = 70C7C9CF16E13A43001EE73F /* NGCheckinInterval.m */; };
		70C7C9D216E172FB001EE73F /* AVFoundation.framework in Frameworks */ = {isa = PBXBuildFile; fileRef = 70C7C9D116E172FB001EE73F /* AVFoundation.framework */; };
		70C7C9D616E175ED001EE73F /* CoreVideo.framework in Frameworks */ = {isa = PBXBuildFile; fileRef = 70C7C9D516E175EC001EE73F /* CoreVideo.framework */; };
		70C7C9D816E1836A001EE73F /* CoreImage.framework in Frameworks */ = {isa = PBXBuildFile; fileRef = 70C7C9D716E18369001EE73F /* CoreImage.framework */; };
		70C7C9DB16E183AC001EE73F /* CoreMedia.framework in Frameworks */ = {isa = PBXBuildFile; fileRef = 70C7C9D316E175E6001EE73F /* CoreMedia.framework */; };
		70DE00FF16F781C800F5E078 /* NGLoginController.m in Sources */ = {isa = PBXBuildFile; fileRef = 70DE00FE16F781C800F5E078 /* NGLoginController.m */; };
		70DE010116F7847100F5E078 /* NGLoginController.xib in Resources */ = {isa = PBXBuildFile; fileRef = 70DE010016F7847100F5E078 /* NGLoginController.xib */; };
		70DE010416F787C700F5E078 /* NGTextField.m in Sources */ = {isa = PBXBuildFile; fileRef = 70DE010316F787C700F5E078 /* NGTextField.m */; };
		70DE010716F790F300F5E078 /* Pic1.png in Resources */ = {isa = PBXBuildFile; fileRef = 70DE010516F790F200F5E078 /* Pic1.png */; };
		70DE010816F790F300F5E078 /* Pic2.jpeg in Resources */ = {isa = PBXBuildFile; fileRef = 70DE010616F790F300F5E078 /* Pic2.jpeg */; };
		70DE010B16F7D74F00F5E078 /* NGPopoverBackgroundView.m in Sources */ = {isa = PBXBuildFile; fileRef = 70DE010A16F7D74E00F5E078 /* NGPopoverBackgroundView.m */; };
		70DE010E16F7D7EB00F5E078 /* arrow-bg.png in Resources */ = {isa = PBXBuildFile; fileRef = 70DE010C16F7D7EB00F5E078 /* arrow-bg.png */; };
		70DE010F16F7D7EB00F5E078 /* popover-bg.png in Resources */ = {isa = PBXBuildFile; fileRef = 70DE010D16F7D7EB00F5E078 /* popover-bg.png */; };
		70DE011216F7DB7F00F5E078 /* NGCallHelpViewController.m in Sources */ = {isa = PBXBuildFile; fileRef = 70DE011116F7DB7E00F5E078 /* NGCallHelpViewController.m */; };
		70DE011416F7DB8D00F5E078 /* NGCallHelpViewController.xib in Resources */ = {isa = PBXBuildFile; fileRef = 70DE011316F7DB8D00F5E078 /* NGCallHelpViewController.xib */; };
		70FC568A16E6C13500E313D0 /* NGHRCloudApi.m in Sources */ = {isa = PBXBuildFile; fileRef = 70FC568916E6C13500E313D0 /* NGHRCloudApi.m */; };
		70FC568D16E6C87800E313D0 /* NGEmployeeData.m in Sources */ = {isa = PBXBuildFile; fileRef = 70FC568C16E6C87800E313D0 /* NGEmployeeData.m */; };
		70FC569116E6D7A700E313D0 /* MBProgressHUD.m in Sources */ = {isa = PBXBuildFile; fileRef = 70FC569016E6D7A700E313D0 /* MBProgressHUD.m */; };
		70FC569316E7F7D000E313D0 /* MockResponse.json in Resources */ = {isa = PBXBuildFile; fileRef = 70FC569216E7F7D000E313D0 /* MockResponse.json */; };
		70FC569616E80DBD00E313D0 /* NGProfileInfo.xib in Resources */ = {isa = PBXBuildFile; fileRef = 70FC569516E80DBD00E313D0 /* NGProfileInfo.xib */; };
		70FC569B16E811CF00E313D0 /* NGProfileInfo.m in Sources */ = {isa = PBXBuildFile; fileRef = 70FC569A16E811CF00E313D0 /* NGProfileInfo.m */; };
		70FC569D16E81EF500E313D0 /* sssymboliconsblock.ttf in Resources */ = {isa = PBXBuildFile; fileRef = 70FC569C16E81EF500E313D0 /* sssymboliconsblock.ttf */; };
		70FC56A016E8269F00E313D0 /* NGCloudObjectAPI.m in Sources */ = {isa = PBXBuildFile; fileRef = 70FC569F16E8269F00E313D0 /* NGCloudObjectAPI.m */; };
		70FC56DD16E9213900E313D0 /* Calendar.png in Resources */ = {isa = PBXBuildFile; fileRef = 70FC56D716E9213900E313D0 /* Calendar.png */; };
		70FC56DE16E9213900E313D0 /* Calendar@2x.png in Resources */ = {isa = PBXBuildFile; fileRef = 70FC56D816E9213900E313D0 /* Calendar@2x.png */; };
		70FC56DF16E9213900E313D0 /* Clock.png in Resources */ = {isa = PBXBuildFile; fileRef = 70FC56D916E9213900E313D0 /* Clock.png */; };
		70FC56E016E9213900E313D0 /* Clock@2x.png in Resources */ = {isa = PBXBuildFile; fileRef = 70FC56DA16E9213900E313D0 /* Clock@2x.png */; };
		70FC56E516E93A4600E313D0 /* TimeClockMock.json in Resources */ = {isa = PBXBuildFile; fileRef = 70FC56E416E93A4600E313D0 /* TimeClockMock.json */; };
		70FC56E616E93C5300E313D0 /* TimeClockMock.json in Resources */ = {isa = PBXBuildFile; fileRef = 70FC56E416E93A4600E313D0 /* TimeClockMock.json */; };
/* End PBXBuildFile section */

/* Begin PBXContainerItemProxy section */
		709EC22816DBEF99005F891C /* PBXContainerItemProxy */ = {
			isa = PBXContainerItemProxy;
			containerPortal = 709EC1F516DBEF99005F891C /* Project object */;
			proxyType = 1;
			remoteGlobalIDString = 709EC1FC16DBEF99005F891C;
			remoteInfo = FaceCheckin;
		};
/* End PBXContainerItemProxy section */

/* Begin PBXFileReference section */
		7023F04516DC3822009306C2 /* NGBaseViewController.h */ = {isa = PBXFileReference; fileEncoding = 4; lastKnownFileType = sourcecode.c.h; path = NGBaseViewController.h; sourceTree = "<group>"; };
		7023F04616DC3822009306C2 /* NGBaseViewController.m */ = {isa = PBXFileReference; fileEncoding = 4; lastKnownFileType = sourcecode.c.objc; path = NGBaseViewController.m; sourceTree = "<group>"; };
		7023F04916DC3ADE009306C2 /* BBDomainObject.h */ = {isa = PBXFileReference; fileEncoding = 4; lastKnownFileType = sourcecode.c.h; path = BBDomainObject.h; sourceTree = "<group>"; };
		7023F04A16DC3ADE009306C2 /* BBDomainObjectBase.h */ = {isa = PBXFileReference; fileEncoding = 4; lastKnownFileType = sourcecode.c.h; path = BBDomainObjectBase.h; sourceTree = "<group>"; };
		7023F04B16DC3ADE009306C2 /* BBDomainObjectBase.m */ = {isa = PBXFileReference; fileEncoding = 4; lastKnownFileType = sourcecode.c.objc; path = BBDomainObjectBase.m; sourceTree = "<group>"; };
		7023F04C16DC3ADE009306C2 /* BBObservableObject.h */ = {isa = PBXFileReference; fileEncoding = 4; lastKnownFileType = sourcecode.c.h; path = BBObservableObject.h; sourceTree = "<group>"; };
		7023F04D16DC3ADE009306C2 /* BBObservableObject.m */ = {isa = PBXFileReference; fileEncoding = 4; lastKnownFileType = sourcecode.c.objc; path = BBObservableObject.m; sourceTree = "<group>"; };
		7023F04E16DC3ADE009306C2 /* BBObservableObject+ProtectedMethods.h */ = {isa = PBXFileReference; fileEncoding = 4; lastKnownFileType = sourcecode.c.h; path = "BBObservableObject+ProtectedMethods.h"; sourceTree = "<group>"; };
		7023F05216DC3B6B009306C2 /* MMExceptionUtils.h */ = {isa = PBXFileReference; fileEncoding = 4; lastKnownFileType = sourcecode.c.h; path = MMExceptionUtils.h; sourceTree = "<group>"; };
		7023F05316DC3B6B009306C2 /* MMExceptionUtils.m */ = {isa = PBXFileReference; fileEncoding = 4; lastKnownFileType = sourcecode.c.objc; path = MMExceptionUtils.m; sourceTree = "<group>"; };
		7023F05616DC3C44009306C2 /* NGCoreTimer.h */ = {isa = PBXFileReference; fileEncoding = 4; lastKnownFileType = sourcecode.c.h; path = NGCoreTimer.h; sourceTree = "<group>"; };
		7023F05716DC3C44009306C2 /* NGCoreTimer.m */ = {isa = PBXFileReference; fileEncoding = 4; lastKnownFileType = sourcecode.c.objc; path = NGCoreTimer.m; sourceTree = "<group>"; };
		7023F05916DC53A4009306C2 /* NSDate+NGExtensions.h */ = {isa = PBXFileReference; fileEncoding = 4; lastKnownFileType = sourcecode.c.h; path = "NSDate+NGExtensions.h"; sourceTree = "<group>"; };
		7023F05A16DC53A4009306C2 /* NSDate+NGExtensions.m */ = {isa = PBXFileReference; fileEncoding = 4; lastKnownFileType = sourcecode.c.objc; path = "NSDate+NGExtensions.m"; sourceTree = "<group>"; };
		7023F05D16DC57F4009306C2 /* NGCameraViewController.h */ = {isa = PBXFileReference; fileEncoding = 4; lastKnownFileType = sourcecode.c.h; path = NGCameraViewController.h; sourceTree = "<group>"; };
		7023F05E16DC57F4009306C2 /* NGCameraViewController.m */ = {isa = PBXFileReference; fileEncoding = 4; lastKnownFileType = sourcecode.c.objc; path = NGCameraViewController.m; sourceTree = "<group>"; };
		7046BD9B16DD45600077BB39 /* GothamBold.otf */ = {isa = PBXFileReference; lastKnownFileType = file; path = GothamBold.otf; sourceTree = "<group>"; };
		7046BD9D16DD466B0077BB39 /* GothamBook.otf */ = {isa = PBXFileReference; lastKnownFileType = file; path = GothamBook.otf; sourceTree = "<group>"; };
		7046BDA016DD477C0077BB39 /* GothamNarrow-Bold.otf */ = {isa = PBXFileReference; lastKnownFileType = file; path = "GothamNarrow-Bold.otf"; sourceTree = "<group>"; };
		7046BDA116DD477C0077BB39 /* GothamNarrow-Book.otf */ = {isa = PBXFileReference; lastKnownFileType = file; path = "GothamNarrow-Book.otf"; sourceTree = "<group>"; };
		7046BDA616DD4C5F0077BB39 /* UILabel+NGExtensions.h */ = {isa = PBXFileReference; fileEncoding = 4; lastKnownFileType = sourcecode.c.h; path = "UILabel+NGExtensions.h"; sourceTree = "<group>"; };
		7046BDA716DD4C5F0077BB39 /* UILabel+NGExtensions.m */ = {isa = PBXFileReference; fileEncoding = 4; lastKnownFileType = sourcecode.c.objc; path = "UILabel+NGExtensions.m"; sourceTree = "<group>"; };
		7046BDAA16DD4F4A0077BB39 /* GothamNarrow-Medium.otf */ = {isa = PBXFileReference; lastKnownFileType = file; path = "GothamNarrow-Medium.otf"; sourceTree = "<group>"; };
		7046BDAE16DD67C20077BB39 /* NGCameraView.h */ = {isa = PBXFileReference; fileEncoding = 4; lastKnownFileType = sourcecode.c.h; path = NGCameraView.h; sourceTree = "<group>"; };
		7046BDAF16DD67C20077BB39 /* NGCameraView.m */ = {isa = PBXFileReference; fileEncoding = 4; lastKnownFileType = sourcecode.c.objc; path = NGCameraView.m; sourceTree = "<group>"; };
		7049A3A716E5818C00900216 /* AFHTTPClient.h */ = {isa = PBXFileReference; fileEncoding = 4; lastKnownFileType = sourcecode.c.h; path = AFHTTPClient.h; sourceTree = "<group>"; };
		7049A3A816E5818C00900216 /* AFHTTPClient.m */ = {isa = PBXFileReference; fileEncoding = 4; lastKnownFileType = sourcecode.c.objc; path = AFHTTPClient.m; sourceTree = "<group>"; };
		7049A3A916E5818C00900216 /* AFHTTPRequestOperation.h */ = {isa = PBXFileReference; fileEncoding = 4; lastKnownFileType = sourcecode.c.h; path = AFHTTPRequestOperation.h; sourceTree = "<group>"; };
		7049A3AA16E5818C00900216 /* AFHTTPRequestOperation.m */ = {isa = PBXFileReference; fileEncoding = 4; lastKnownFileType = sourcecode.c.objc; path = AFHTTPRequestOperation.m; sourceTree = "<group>"; };
		7049A3AB16E5818C00900216 /* AFImageRequestOperation.h */ = {isa = PBXFileReference; fileEncoding = 4; lastKnownFileType = sourcecode.c.h; path = AFImageRequestOperation.h; sourceTree = "<group>"; };
		7049A3AC16E5818C00900216 /* AFImageRequestOperation.m */ = {isa = PBXFileReference; fileEncoding = 4; lastKnownFileType = sourcecode.c.objc; path = AFImageRequestOperation.m; sourceTree = "<group>"; };
		7049A3AD16E5818C00900216 /* AFJSONRequestOperation.h */ = {isa = PBXFileReference; fileEncoding = 4; lastKnownFileType = sourcecode.c.h; path = AFJSONRequestOperation.h; sourceTree = "<group>"; };
		7049A3AE16E5818C00900216 /* AFJSONRequestOperation.m */ = {isa = PBXFileReference; fileEncoding = 4; lastKnownFileType = sourcecode.c.objc; path = AFJSONRequestOperation.m; sourceTree = "<group>"; };
		7049A3AF16E5818C00900216 /* AFNetworkActivityIndicatorManager.h */ = {isa = PBXFileReference; fileEncoding = 4; lastKnownFileType = sourcecode.c.h; path = AFNetworkActivityIndicatorManager.h; sourceTree = "<group>"; };
		7049A3B016E5818C00900216 /* AFNetworkActivityIndicatorManager.m */ = {isa = PBXFileReference; fileEncoding = 4; lastKnownFileType = sourcecode.c.objc; path = AFNetworkActivityIndicatorManager.m; sourceTree = "<group>"; };
		7049A3B116E5818C00900216 /* AFNetworking.h */ = {isa = PBXFileReference; fileEncoding = 4; lastKnownFileType = sourcecode.c.h; path = AFNetworking.h; sourceTree = "<group>"; };
		7049A3B216E5818C00900216 /* AFPropertyListRequestOperation.h */ = {isa = PBXFileReference; fileEncoding = 4; lastKnownFileType = sourcecode.c.h; path = AFPropertyListRequestOperation.h; sourceTree = "<group>"; };
		7049A3B316E5818C00900216 /* AFPropertyListRequestOperation.m */ = {isa = PBXFileReference; fileEncoding = 4; lastKnownFileType = sourcecode.c.objc; path = AFPropertyListRequestOperation.m; sourceTree = "<group>"; };
		7049A3B416E5818C00900216 /* AFURLConnectionOperation.h */ = {isa = PBXFileReference; fileEncoding = 4; lastKnownFileType = sourcecode.c.h; path = AFURLConnectionOperation.h; sourceTree = "<group>"; };
		7049A3B516E5818C00900216 /* AFURLConnectionOperation.m */ = {isa = PBXFileReference; fileEncoding = 4; lastKnownFileType = sourcecode.c.objc; path = AFURLConnectionOperation.m; sourceTree = "<group>"; };
		7049A3B616E5818C00900216 /* AFXMLRequestOperation.h */ = {isa = PBXFileReference; fileEncoding = 4; lastKnownFileType = sourcecode.c.h; path = AFXMLRequestOperation.h; sourceTree = "<group>"; };
		7049A3B716E5818C00900216 /* AFXMLRequestOperation.m */ = {isa = PBXFileReference; fileEncoding = 4; lastKnownFileType = sourcecode.c.objc; path = AFXMLRequestOperation.m; sourceTree = "<group>"; };
		7049A3B816E5818C00900216 /* UIImageView+AFNetworking.h */ = {isa = PBXFileReference; fileEncoding = 4; lastKnownFileType = sourcecode.c.h; path = "UIImageView+AFNetworking.h"; sourceTree = "<group>"; };
		7049A3B916E5818C00900216 /* UIImageView+AFNetworking.m */ = {isa = PBXFileReference; fileEncoding = 4; lastKnownFileType = sourcecode.c.objc; path = "UIImageView+AFNetworking.m"; sourceTree = "<group>"; };
		7049A3C416E583EB00900216 /* NGImageRecognizer.h */ = {isa = PBXFileReference; fileEncoding = 4; lastKnownFileType = sourcecode.c.h; path = NGImageRecognizer.h; sourceTree = "<group>"; };
		7049A3C516E583EB00900216 /* NGImageRecognizer.m */ = {isa = PBXFileReference; fileEncoding = 4; lastKnownFileType = sourcecode.c.objc; path = NGImageRecognizer.m; sourceTree = "<group>"; };
		7049A3C816E585CD00900216 /* NGFaceRecognitionResult.h */ = {isa = PBXFileReference; fileEncoding = 4; lastKnownFileType = sourcecode.c.h; path = NGFaceRecognitionResult.h; sourceTree = "<group>"; };
		7049A3C916E585CD00900216 /* NGFaceRecognitionResult.m */ = {isa = PBXFileReference; fileEncoding = 4; lastKnownFileType = sourcecode.c.objc; path = NGFaceRecognitionResult.m; sourceTree = "<group>"; };
		7049A3CB16E585E700900216 /* NGFaceRecognitionAlbum.h */ = {isa = PBXFileReference; fileEncoding = 4; lastKnownFileType = sourcecode.c.h; path = NGFaceRecognitionAlbum.h; sourceTree = "<group>"; };
		7049A3CC16E585E700900216 /* NGFaceRecognitionAlbum.m */ = {isa = PBXFileReference; fileEncoding = 4; lastKnownFileType = sourcecode.c.objc; path = NGFaceRecognitionAlbum.m; sourceTree = "<group>"; };
		7049A3CE16E6679D00900216 /* AssetsLibrary.framework */ = {isa = PBXFileReference; lastKnownFileType = wrapper.framework; name = AssetsLibrary.framework; path = System/Library/Frameworks/AssetsLibrary.framework; sourceTree = SDKROOT; };
		7049A3D016E66A3600900216 /* UIImage+NGExtensions.h */ = {isa = PBXFileReference; fileEncoding = 4; lastKnownFileType = sourcecode.c.h; path = "UIImage+NGExtensions.h"; sourceTree = "<group>"; };
		7049A3D116E66A3600900216 /* UIImage+NGExtensions.m */ = {isa = PBXFileReference; fileEncoding = 4; lastKnownFileType = sourcecode.c.objc; path = "UIImage+NGExtensions.m"; sourceTree = "<group>"; };
		704E6F8416EA5EDF00255501 /* NGCheckinData.h */ = {isa = PBXFileReference; fileEncoding = 4; lastKnownFileType = sourcecode.c.h; path = NGCheckinData.h; sourceTree = "<group>"; };
		704E6F8516EA5EDF00255501 /* NGCheckinData.m */ = {isa = PBXFileReference; fileEncoding = 4; lastKnownFileType = sourcecode.c.objc; path = NGCheckinData.m; sourceTree = "<group>"; };
		704E6F8716EAA9D500255501 /* NGTimeClockCloudObject.h */ = {isa = PBXFileReference; fileEncoding = 4; lastKnownFileType = sourcecode.c.h; path = NGTimeClockCloudObject.h; sourceTree = "<group>"; };
		704E6F8816EAA9D500255501 /* NGTimeClockCloudObject.m */ = {isa = PBXFileReference; fileEncoding = 4; lastKnownFileType = sourcecode.c.objc; path = NGTimeClockCloudObject.m; sourceTree = "<group>"; };
		704E6F8B16EAB4D700255501 /* ClockBg.png */ = {isa = PBXFileReference; lastKnownFileType = image.png; path = ClockBg.png; sourceTree = "<group>"; };
		704E6F8C16EAB4D700255501 /* ClockBg@2x.png */ = {isa = PBXFileReference; lastKnownFileType = image.png; path = "ClockBg@2x.png"; sourceTree = "<group>"; };
		704E6F8F16EAB81300255501 /* LockscreenBg.png */ = {isa = PBXFileReference; lastKnownFileType = image.png; path = LockscreenBg.png; sourceTree = "<group>"; };
		704E6F9016EAB81300255501 /* LockscreenBg@2x.png */ = {isa = PBXFileReference; lastKnownFileType = image.png; path = "LockscreenBg@2x.png"; sourceTree = "<group>"; };
		704E6F9316EAB89F00255501 /* GothamNarrow-Light.otf */ = {isa = PBXFileReference; lastKnownFileType = file; path = "GothamNarrow-Light.otf"; sourceTree = "<group>"; };
		704E6F9716EABBF200255501 /* Box.png */ = {isa = PBXFileReference; lastKnownFileType = image.png; path = Box.png; sourceTree = "<group>"; };
		704E6F9816EABBF200255501 /* Box@2x.png */ = {isa = PBXFileReference; lastKnownFileType = image.png; path = "Box@2x.png"; sourceTree = "<group>"; };
		704E6F9916EABBF200255501 /* FaceBox.png */ = {isa = PBXFileReference; lastKnownFileType = image.png; path = FaceBox.png; sourceTree = "<group>"; };
		704E6F9A16EABBF200255501 /* FaceBox@2x.png */ = {isa = PBXFileReference; lastKnownFileType = image.png; path = "FaceBox@2x.png"; sourceTree = "<group>"; };
		704E6F9F16EABDDF00255501 /* TableBackground.png */ = {isa = PBXFileReference; lastKnownFileType = image.png; path = TableBackground.png; sourceTree = "<group>"; };
		704E6FA116EABDF700255501 /* TableBackground@2x.png */ = {isa = PBXFileReference; lastKnownFileType = image.png; path = "TableBackground@2x.png"; sourceTree = "<group>"; };
		704E6FA316EABEB000255501 /* TopBar.png */ = {isa = PBXFileReference; lastKnownFileType = image.png; path = TopBar.png; sourceTree = "<group>"; };
		704E6FA416EABEB000255501 /* TopBar@2x.png */ = {isa = PBXFileReference; lastKnownFileType = image.png; path = "TopBar@2x.png"; sourceTree = "<group>"; };
		704E6FA716EABF3B00255501 /* CancelButton.png */ = {isa = PBXFileReference; lastKnownFileType = image.png; path = CancelButton.png; sourceTree = "<group>"; };
		704E6FA816EABF3B00255501 /* CancelButton@2x.png */ = {isa = PBXFileReference; lastKnownFileType = image.png; path = "CancelButton@2x.png"; sourceTree = "<group>"; };
		704E6FAB16EAC3F400255501 /* ProfileBackground.png */ = {isa = PBXFileReference; lastKnownFileType = image.png; path = ProfileBackground.png; sourceTree = "<group>"; };
		704E6FAC16EAC3F400255501 /* ProfileBackground@2x.png */ = {isa = PBXFileReference; lastKnownFileType = image.png; path = "ProfileBackground@2x.png"; sourceTree = "<group>"; };
		704E6FAF16EAC4FF00255501 /* LineSeparator.png */ = {isa = PBXFileReference; lastKnownFileType = image.png; path = LineSeparator.png; sourceTree = "<group>"; };
		704E6FB016EAC50000255501 /* LineSeparator@2x.png */ = {isa = PBXFileReference; lastKnownFileType = image.png; path = "LineSeparator@2x.png"; sourceTree = "<group>"; };
		709EC1FD16DBEF99005F891C /* FaceCheckin.app */ = {isa = PBXFileReference; explicitFileType = wrapper.application; includeInIndex = 0; path = FaceCheckin.app; sourceTree = BUILT_PRODUCTS_DIR; };
		709EC20016DBEF99005F891C /* UIKit.framework */ = {isa = PBXFileReference; lastKnownFileType = wrapper.framework; name = UIKit.framework; path = System/Library/Frameworks/UIKit.framework; sourceTree = SDKROOT; };
		709EC20216DBEF99005F891C /* Foundation.framework */ = {isa = PBXFileReference; lastKnownFileType = wrapper.framework; name = Foundation.framework; path = System/Library/Frameworks/Foundation.framework; sourceTree = SDKROOT; };
		709EC20416DBEF99005F891C /* CoreGraphics.framework */ = {isa = PBXFileReference; lastKnownFileType = wrapper.framework; name = CoreGraphics.framework; path = System/Library/Frameworks/CoreGraphics.framework; sourceTree = SDKROOT; };
		709EC20816DBEF99005F891C /* FaceCheckin-Info.plist */ = {isa = PBXFileReference; lastKnownFileType = text.plist.xml; path = "FaceCheckin-Info.plist"; sourceTree = "<group>"; };
		709EC20A16DBEF99005F891C /* en */ = {isa = PBXFileReference; lastKnownFileType = text.plist.strings; name = en; path = en.lproj/InfoPlist.strings; sourceTree = "<group>"; };
		709EC20C16DBEF99005F891C /* main.m */ = {isa = PBXFileReference; lastKnownFileType = sourcecode.c.objc; path = main.m; sourceTree = "<group>"; };
		709EC20E16DBEF99005F891C /* FaceCheckin-Prefix.pch */ = {isa = PBXFileReference; lastKnownFileType = sourcecode.c.h; path = "FaceCheckin-Prefix.pch"; sourceTree = "<group>"; };
		709EC20F16DBEF99005F891C /* NGAppDelegate.h */ = {isa = PBXFileReference; lastKnownFileType = sourcecode.c.h; path = NGAppDelegate.h; sourceTree = "<group>"; };
		709EC21016DBEF99005F891C /* NGAppDelegate.m */ = {isa = PBXFileReference; lastKnownFileType = sourcecode.c.objc; path = NGAppDelegate.m; sourceTree = "<group>"; };
		709EC21216DBEF99005F891C /* Default.png */ = {isa = PBXFileReference; lastKnownFileType = image.png; path = Default.png; sourceTree = "<group>"; };
		709EC21416DBEF99005F891C /* Default@2x.png */ = {isa = PBXFileReference; lastKnownFileType = image.png; path = "Default@2x.png"; sourceTree = "<group>"; };
		709EC21616DBEF99005F891C /* Default-568h@2x.png */ = {isa = PBXFileReference; lastKnownFileType = image.png; path = "Default-568h@2x.png"; sourceTree = "<group>"; };
		709EC21816DBEF99005F891C /* NGLockScreenController.h */ = {isa = PBXFileReference; lastKnownFileType = sourcecode.c.h; name = NGLockScreenController.h; path = ../../NGLockScreenController.h; sourceTree = "<group>"; };
		709EC21916DBEF99005F891C /* NGLockScreenController.m */ = {isa = PBXFileReference; lastKnownFileType = sourcecode.c.objc; name = NGLockScreenController.m; path = ../../NGLockScreenController.m; sourceTree = "<group>"; };
		709EC22316DBEF99005F891C /* FaceCheckinTests.octest */ = {isa = PBXFileReference; explicitFileType = wrapper.cfbundle; includeInIndex = 0; path = FaceCheckinTests.octest; sourceTree = BUILT_PRODUCTS_DIR; };
		709EC22416DBEF99005F891C /* SenTestingKit.framework */ = {isa = PBXFileReference; lastKnownFileType = wrapper.framework; name = SenTestingKit.framework; path = Library/Frameworks/SenTestingKit.framework; sourceTree = DEVELOPER_DIR; };
		709EC22C16DBEF99005F891C /* FaceCheckinTests-Info.plist */ = {isa = PBXFileReference; lastKnownFileType = text.plist.xml; path = "FaceCheckinTests-Info.plist"; sourceTree = "<group>"; };
		709EC22E16DBEF99005F891C /* en */ = {isa = PBXFileReference; lastKnownFileType = text.plist.strings; name = en; path = en.lproj/InfoPlist.strings; sourceTree = "<group>"; };
		709EC23016DBEF9A005F891C /* FaceCheckinTests.h */ = {isa = PBXFileReference; lastKnownFileType = sourcecode.c.h; path = FaceCheckinTests.h; sourceTree = "<group>"; };
		709EC23116DBEF9A005F891C /* FaceCheckinTests.m */ = {isa = PBXFileReference; lastKnownFileType = sourcecode.c.objc; path = FaceCheckinTests.m; sourceTree = "<group>"; };
		70B6D39916EEA2940083687F /* ClockInButton-Normal.png */ = {isa = PBXFileReference; lastKnownFileType = image.png; path = "ClockInButton-Normal.png"; sourceTree = "<group>"; };
		70B6D39A16EEA2940083687F /* ClockInButton-Normal@2x.png */ = {isa = PBXFileReference; lastKnownFileType = image.png; path = "ClockInButton-Normal@2x.png"; sourceTree = "<group>"; };
		70B6D39B16EEA2940083687F /* ClockInButton-Pressed.png */ = {isa = PBXFileReference; lastKnownFileType = image.png; path = "ClockInButton-Pressed.png"; sourceTree = "<group>"; };
		70B6D39C16EEA2940083687F /* ClockInButton-Pressed@2x.png */ = {isa = PBXFileReference; lastKnownFileType = image.png; path = "ClockInButton-Pressed@2x.png"; sourceTree = "<group>"; };
		70B6D39D16EEA2940083687F /* ClockOutButton-Normal.png */ = {isa = PBXFileReference; lastKnownFileType = image.png; path = "ClockOutButton-Normal.png"; sourceTree = "<group>"; };
		70B6D39E16EEA2940083687F /* ClockOutButton-Normal@2x.png */ = {isa = PBXFileReference; lastKnownFileType = image.png; path = "ClockOutButton-Normal@2x.png"; sourceTree = "<group>"; };
		70B6D39F16EEA2940083687F /* ClockOutButton-Pressed.png */ = {isa = PBXFileReference; lastKnownFileType = image.png; path = "ClockOutButton-Pressed.png"; sourceTree = "<group>"; };
		70B6D3A016EEA2940083687F /* ClockOutButton-Pressed@2x.png */ = {isa = PBXFileReference; lastKnownFileType = image.png; path = "ClockOutButton-Pressed@2x.png"; sourceTree = "<group>"; };
		70B6D3A116EEA2940083687F /* DoneButton-Normal.png */ = {isa = PBXFileReference; lastKnownFileType = image.png; path = "DoneButton-Normal.png"; sourceTree = "<group>"; };
		70B6D3A216EEA2940083687F /* DoneButton-Normal@2x.png */ = {isa = PBXFileReference; lastKnownFileType = image.png; path = "DoneButton-Normal@2x.png"; sourceTree = "<group>"; };
		70B6D3A316EEA2940083687F /* DoneButton-Pressed.png */ = {isa = PBXFileReference; lastKnownFileType = image.png; path = "DoneButton-Pressed.png"; sourceTree = "<group>"; };
		70B6D3A416EEA2940083687F /* DoneButton-Pressed@2x.png */ = {isa = PBXFileReference; lastKnownFileType = image.png; path = "DoneButton-Pressed@2x.png"; sourceTree = "<group>"; };
		70B6D3B116EEA5490083687F /* VGMultistateButton.h */ = {isa = PBXFileReference; fileEncoding = 4; lastKnownFileType = sourcecode.c.h; path = VGMultistateButton.h; sourceTree = "<group>"; };
		70B6D3B216EEA5490083687F /* VGMultistateButton.m */ = {isa = PBXFileReference; fileEncoding = 4; lastKnownFileType = sourcecode.c.objc; path = VGMultistateButton.m; sourceTree = "<group>"; };
		70B6D3B416EEA8A90083687F /* VGMultistateButton+NGExtensions.h */ = {isa = PBXFileReference; fileEncoding = 4; lastKnownFileType = sourcecode.c.h; path = "VGMultistateButton+NGExtensions.h"; sourceTree = "<group>"; };
		70B6D3B516EEA8A90083687F /* VGMultistateButton+NGExtensions.m */ = {isa = PBXFileReference; fileEncoding = 4; lastKnownFileType = sourcecode.c.objc; path = "VGMultistateButton+NGExtensions.m"; sourceTree = "<group>"; };
		70B6D3B716EFB86D0083687F /* NGTimerArrow.xib */ = {isa = PBXFileReference; fileEncoding = 4; lastKnownFileType = file.xib; path = NGTimerArrow.xib; sourceTree = "<group>"; };
		70B6D3B916EFB89B0083687F /* NGTimerArrow.h */ = {isa = PBXFileReference; fileEncoding = 4; lastKnownFileType = sourcecode.c.h; path = NGTimerArrow.h; sourceTree = "<group>"; };
		70B6D3BA16EFB89C0083687F /* NGTimerArrow.m */ = {isa = PBXFileReference; fileEncoding = 4; lastKnownFileType = sourcecode.c.objc; path = NGTimerArrow.m; sourceTree = "<group>"; };
		70B6D3BC16EFCB790083687F /* UIView+NGExtensions.h */ = {isa = PBXFileReference; fileEncoding = 4; lastKnownFileType = sourcecode.c.h; path = "UIView+NGExtensions.h"; sourceTree = "<group>"; };
		70B6D3BD16EFCB790083687F /* UIView+NGExtensions.m */ = {isa = PBXFileReference; fileEncoding = 4; lastKnownFileType = sourcecode.c.objc; path = "UIView+NGExtensions.m"; sourceTree = "<group>"; };
		70C7C98116DFD000001EE73F /* NGCameraViewController.xib */ = {isa = PBXFileReference; fileEncoding = 4; lastKnownFileType = file.xib; path = NGCameraViewController.xib; sourceTree = "<group>"; };
		70C7C98216DFD000001EE73F /* NGLockScreenController.xib */ = {isa = PBXFileReference; fileEncoding = 4; lastKnownFileType = file.xib; path = NGLockScreenController.xib; sourceTree = "<group>"; };
		70C7C98516DFD0A0001EE73F /* NGUserPanelController.h */ = {isa = PBXFileReference; fileEncoding = 4; lastKnownFileType = sourcecode.c.h; path = NGUserPanelController.h; sourceTree = "<group>"; };
		70C7C98616DFD0A0001EE73F /* NGUserPanelController.m */ = {isa = PBXFileReference; fileEncoding = 4; lastKnownFileType = sourcecode.c.objc; path = NGUserPanelController.m; sourceTree = "<group>"; };
		70C7C98816DFD0B6001EE73F /* NGUserPanelController.xib */ = {isa = PBXFileReference; fileEncoding = 4; lastKnownFileType = file.xib; path = NGUserPanelController.xib; sourceTree = "<group>"; };
		70C7C99716DFDBFA001EE73F /* CUCellFramework.h */ = {isa = PBXFileReference; fileEncoding = 4; lastKnownFileType = sourcecode.c.h; path = CUCellFramework.h; sourceTree = "<group>"; };
		70C7C99816DFDBFA001EE73F /* CUCellFramework.m */ = {isa = PBXFileReference; fileEncoding = 4; lastKnownFileType = sourcecode.c.objc; path = CUCellFramework.m; sourceTree = "<group>"; };
		70C7C99916DFDBFA001EE73F /* CUCellProtocols.h */ = {isa = PBXFileReference; fileEncoding = 4; lastKnownFileType = sourcecode.c.h; path = CUCellProtocols.h; sourceTree = "<group>"; };
		70C7C99A16DFDBFA001EE73F /* CUTableViewDelegate+ProtectedMethods.h */ = {isa = PBXFileReference; fileEncoding = 4; lastKnownFileType = sourcecode.c.h; path = "CUTableViewDelegate+ProtectedMethods.h"; sourceTree = "<group>"; };
		70C7C99B16DFDBFA001EE73F /* CUCellBase.h */ = {isa = PBXFileReference; fileEncoding = 4; lastKnownFileType = sourcecode.c.h; path = CUCellBase.h; sourceTree = "<group>"; };
		70C7C99C16DFDBFA001EE73F /* CUCellBase.m */ = {isa = PBXFileReference; fileEncoding = 4; lastKnownFileType = sourcecode.c.objc; path = CUCellBase.m; sourceTree = "<group>"; };
		70C7C9A316DFE064001EE73F /* NGNibView.h */ = {isa = PBXFileReference; fileEncoding = 4; lastKnownFileType = sourcecode.c.h; path = NGNibView.h; sourceTree = "<group>"; };
		70C7C9A416DFE064001EE73F /* NGNibView.m */ = {isa = PBXFileReference; fileEncoding = 4; lastKnownFileType = sourcecode.c.objc; path = NGNibView.m; sourceTree = "<group>"; };
		70C7C9AB16DFE63E001EE73F /* NGDailyReportCell.h */ = {isa = PBXFileReference; fileEncoding = 4; lastKnownFileType = sourcecode.c.h; path = NGDailyReportCell.h; sourceTree = "<group>"; };
		70C7C9AC16DFE63E001EE73F /* NGDailyReportCell.m */ = {isa = PBXFileReference; fileEncoding = 4; lastKnownFileType = sourcecode.c.objc; path = NGDailyReportCell.m; sourceTree = "<group>"; };
		70C7C9AF16DFE671001EE73F /* NGDailyReportCell.xib */ = {isa = PBXFileReference; fileEncoding = 4; lastKnownFileType = file.xib; path = NGDailyReportCell.xib; sourceTree = "<group>"; };
		70C7C9B216DFE826001EE73F /* NGDailyReportCellObject.h */ = {isa = PBXFileReference; fileEncoding = 4; lastKnownFileType = sourcecode.c.h; path = NGDailyReportCellObject.h; sourceTree = "<group>"; };
		70C7C9B316DFE826001EE73F /* NGDailyReportCellObject.m */ = {isa = PBXFileReference; fileEncoding = 4; lastKnownFileType = sourcecode.c.objc; path = NGDailyReportCellObject.m; sourceTree = "<group>"; };
		70C7C9B616DFEACD001EE73F /* NGDomainObjectBase.h */ = {isa = PBXFileReference; fileEncoding = 4; lastKnownFileType = sourcecode.c.h; path = NGDomainObjectBase.h; sourceTree = "<group>"; };
		70C7C9B716DFEACD001EE73F /* NGDomainObjectBase.m */ = {isa = PBXFileReference; fileEncoding = 4; lastKnownFileType = sourcecode.c.objc; path = NGDomainObjectBase.m; sourceTree = "<group>"; };
		70C7C9B916DFEB08001EE73F /* NGDailyTimeClockData.h */ = {isa = PBXFileReference; fileEncoding = 4; lastKnownFileType = sourcecode.c.h; path = NGDailyTimeClockData.h; sourceTree = "<group>"; };
		70C7C9BA16DFEB08001EE73F /* NGDailyTimeClockData.m */ = {isa = PBXFileReference; fileEncoding = 4; lastKnownFileType = sourcecode.c.objc; path = NGDailyTimeClockData.m; sourceTree = "<group>"; };
		70C7C9C216E021C0001EE73F /* QuartzCore.framework */ = {isa = PBXFileReference; lastKnownFileType = wrapper.framework; name = QuartzCore.framework; path = System/Library/Frameworks/QuartzCore.framework; sourceTree = SDKROOT; };
		70C7C9C416E02724001EE73F /* NGHourlyStatus.h */ = {isa = PBXFileReference; fileEncoding = 4; lastKnownFileType = sourcecode.c.h; path = NGHourlyStatus.h; sourceTree = "<group>"; };
		70C7C9C516E02724001EE73F /* NGHourlyStatus.m */ = {isa = PBXFileReference; fileEncoding = 4; lastKnownFileType = sourcecode.c.objc; path = NGHourlyStatus.m; sourceTree = "<group>"; };
		70C7C9C716E02738001EE73F /* NGHourlyStatus.xib */ = {isa = PBXFileReference; fileEncoding = 4; lastKnownFileType = file.xib; path = NGHourlyStatus.xib; sourceTree = "<group>"; };
		70C7C9C916E02DB0001EE73F /* NGColorSchema.h */ = {isa = PBXFileReference; lastKnownFileType = sourcecode.c.h; path = NGColorSchema.h; sourceTree = "<group>"; };
		70C7C9CA16E06B34001EE73F /* NGCheckinInterval.xib */ = {isa = PBXFileReference; fileEncoding = 4; lastKnownFileType = file.xib; path = NGCheckinInterval.xib; sourceTree = "<group>"; };
		70C7C9CC16E06B6D001EE73F /* NGCheckinInterval.h */ = {isa = PBXFileReference; fileEncoding = 4; lastKnownFileType = sourcecode.c.h; path = NGCheckinInterval.h; sourceTree = "<group>"; };
		70C7C9CF16E13A43001EE73F /* NGCheckinInterval.m */ = {isa = PBXFileReference; fileEncoding = 4; lastKnownFileType = sourcecode.c.objc; name = NGCheckinInterval.m; path = FaceCheckin/Views/NGCheckinInterval.m; sourceTree = SOURCE_ROOT; };
		70C7C9D116E172FB001EE73F /* AVFoundation.framework */ = {isa = PBXFileReference; lastKnownFileType = wrapper.framework; name = AVFoundation.framework; path = System/Library/Frameworks/AVFoundation.framework; sourceTree = SDKROOT; };
		70C7C9D316E175E6001EE73F /* CoreMedia.framework */ = {isa = PBXFileReference; lastKnownFileType = wrapper.framework; name = CoreMedia.framework; path = System/Library/Frameworks/CoreMedia.framework; sourceTree = SDKROOT; };
		70C7C9D516E175EC001EE73F /* CoreVideo.framework */ = {isa = PBXFileReference; lastKnownFileType = wrapper.framework; name = CoreVideo.framework; path = System/Library/Frameworks/CoreVideo.framework; sourceTree = SDKROOT; };
		70C7C9D716E18369001EE73F /* CoreImage.framework */ = {isa = PBXFileReference; lastKnownFileType = wrapper.framework; name = CoreImage.framework; path = System/Library/Frameworks/CoreImage.framework; sourceTree = SDKROOT; };
		70C7C9D916E18392001EE73F /* ImageIO.framework */ = {isa = PBXFileReference; lastKnownFileType = wrapper.framework; name = ImageIO.framework; path = System/Library/Frameworks/ImageIO.framework; sourceTree = SDKROOT; };
		70DE00FD16F781C800F5E078 /* NGLoginController.h */ = {isa = PBXFileReference; fileEncoding = 4; lastKnownFileType = sourcecode.c.h; path = NGLoginController.h; sourceTree = "<group>"; };
		70DE00FE16F781C800F5E078 /* NGLoginController.m */ = {isa = PBXFileReference; fileEncoding = 4; lastKnownFileType = sourcecode.c.objc; path = NGLoginController.m; sourceTree = "<group>"; };
		70DE010016F7847100F5E078 /* NGLoginController.xib */ = {isa = PBXFileReference; fileEncoding = 4; lastKnownFileType = file.xib; path = NGLoginController.xib; sourceTree = "<group>"; };
		70DE010216F787C700F5E078 /* NGTextField.h */ = {isa = PBXFileReference; fileEncoding = 4; lastKnownFileType = sourcecode.c.h; path = NGTextField.h; sourceTree = "<group>"; };
		70DE010316F787C700F5E078 /* NGTextField.m */ = {isa = PBXFileReference; fileEncoding = 4; lastKnownFileType = sourcecode.c.objc; path = NGTextField.m; sourceTree = "<group>"; };
		70DE010516F790F200F5E078 /* Pic1.png */ = {isa = PBXFileReference; lastKnownFileType = image.png; path = Pic1.png; sourceTree = "<group>"; };
		70DE010616F790F300F5E078 /* Pic2.jpeg */ = {isa = PBXFileReference; lastKnownFileType = image.jpeg; path = Pic2.jpeg; sourceTree = "<group>"; };
		70DE010916F7D74E00F5E078 /* NGPopoverBackgroundView.h */ = {isa = PBXFileReference; fileEncoding = 4; lastKnownFileType = sourcecode.c.h; path = NGPopoverBackgroundView.h; sourceTree = "<group>"; };
		70DE010A16F7D74E00F5E078 /* NGPopoverBackgroundView.m */ = {isa = PBXFileReference; fileEncoding = 4; lastKnownFileType = sourcecode.c.objc; path = NGPopoverBackgroundView.m; sourceTree = "<group>"; };
		70DE010C16F7D7EB00F5E078 /* arrow-bg.png */ = {isa = PBXFileReference; lastKnownFileType = image.png; path = "arrow-bg.png"; sourceTree = "<group>"; };
		70DE010D16F7D7EB00F5E078 /* popover-bg.png */ = {isa = PBXFileReference; lastKnownFileType = image.png; path = "popover-bg.png"; sourceTree = "<group>"; };
		70DE011016F7DB7E00F5E078 /* NGCallHelpViewController.h */ = {isa = PBXFileReference; fileEncoding = 4; lastKnownFileType = sourcecode.c.h; path = NGCallHelpViewController.h; sourceTree = "<group>"; };
		70DE011116F7DB7E00F5E078 /* NGCallHelpViewController.m */ = {isa = PBXFileReference; fileEncoding = 4; lastKnownFileType = sourcecode.c.objc; path = NGCallHelpViewController.m; sourceTree = "<group>"; };
		70DE011316F7DB8D00F5E078 /* NGCallHelpViewController.xib */ = {isa = PBXFileReference; fileEncoding = 4; lastKnownFileType = file.xib; path = NGCallHelpViewController.xib; sourceTree = "<group>"; };
		70FC568816E6C13500E313D0 /* NGHRCloudApi.h */ = {isa = PBXFileReference; fileEncoding = 4; lastKnownFileType = sourcecode.c.h; path = NGHRCloudApi.h; sourceTree = "<group>"; };
		70FC568916E6C13500E313D0 /* NGHRCloudApi.m */ = {isa = PBXFileReference; fileEncoding = 4; lastKnownFileType = sourcecode.c.objc; path = NGHRCloudApi.m; sourceTree = "<group>"; };
		70FC568B16E6C87800E313D0 /* NGEmployeeData.h */ = {isa = PBXFileReference; fileEncoding = 4; lastKnownFileType = sourcecode.c.h; path = NGEmployeeData.h; sourceTree = "<group>"; };
		70FC568C16E6C87800E313D0 /* NGEmployeeData.m */ = {isa = PBXFileReference; fileEncoding = 4; lastKnownFileType = sourcecode.c.objc; path = NGEmployeeData.m; sourceTree = "<group>"; };
		70FC568F16E6D7A700E313D0 /* MBProgressHUD.h */ = {isa = PBXFileReference; fileEncoding = 4; lastKnownFileType = sourcecode.c.h; path = MBProgressHUD.h; sourceTree = "<group>"; };
		70FC569016E6D7A700E313D0 /* MBProgressHUD.m */ = {isa = PBXFileReference; fileEncoding = 4; lastKnownFileType = sourcecode.c.objc; path = MBProgressHUD.m; sourceTree = "<group>"; };
		70FC569216E7F7D000E313D0 /* MockResponse.json */ = {isa = PBXFileReference; fileEncoding = 4; lastKnownFileType = text.json; path = MockResponse.json; sourceTree = "<group>"; };
		70FC569516E80DBD00E313D0 /* NGProfileInfo.xib */ = {isa = PBXFileReference; fileEncoding = 4; lastKnownFileType = file.xib; path = NGProfileInfo.xib; sourceTree = "<group>"; };
		70FC569916E811CF00E313D0 /* NGProfileInfo.h */ = {isa = PBXFileReference; fileEncoding = 4; lastKnownFileType = sourcecode.c.h; path = NGProfileInfo.h; sourceTree = "<group>"; };
		70FC569A16E811CF00E313D0 /* NGProfileInfo.m */ = {isa = PBXFileReference; fileEncoding = 4; lastKnownFileType = sourcecode.c.objc; path = NGProfileInfo.m; sourceTree = "<group>"; };
		70FC569C16E81EF500E313D0 /* sssymboliconsblock.ttf */ = {isa = PBXFileReference; lastKnownFileType = file; path = sssymboliconsblock.ttf; sourceTree = "<group>"; };
		70FC569E16E8269F00E313D0 /* NGCloudObjectAPI.h */ = {isa = PBXFileReference; fileEncoding = 4; lastKnownFileType = sourcecode.c.h; path = NGCloudObjectAPI.h; sourceTree = "<group>"; };
		70FC569F16E8269F00E313D0 /* NGCloudObjectAPI.m */ = {isa = PBXFileReference; fileEncoding = 4; lastKnownFileType = sourcecode.c.objc; path = NGCloudObjectAPI.m; sourceTree = "<group>"; };
		70FC56D716E9213900E313D0 /* Calendar.png */ = {isa = PBXFileReference; lastKnownFileType = image.png; path = Calendar.png; sourceTree = "<group>"; };
		70FC56D816E9213900E313D0 /* Calendar@2x.png */ = {isa = PBXFileReference; lastKnownFileType = image.png; path = "Calendar@2x.png"; sourceTree = "<group>"; };
		70FC56D916E9213900E313D0 /* Clock.png */ = {isa = PBXFileReference; lastKnownFileType = image.png; path = Clock.png; sourceTree = "<group>"; };
		70FC56DA16E9213900E313D0 /* Clock@2x.png */ = {isa = PBXFileReference; lastKnownFileType = image.png; path = "Clock@2x.png"; sourceTree = "<group>"; };
		70FC56E416E93A4600E313D0 /* TimeClockMock.json */ = {isa = PBXFileReference; fileEncoding = 4; lastKnownFileType = text.json; path = TimeClockMock.json; sourceTree = "<group>"; };
/* End PBXFileReference section */

/* Begin PBXFrameworksBuildPhase section */
		709EC1FA16DBEF99005F891C /* Frameworks */ = {
			isa = PBXFrameworksBuildPhase;
			buildActionMask = 2147483647;
			files = (
				7049A3CF16E6679E00900216 /* AssetsLibrary.framework in Frameworks */,
				70C7C9DB16E183AC001EE73F /* CoreMedia.framework in Frameworks */,
				70C7C9D816E1836A001EE73F /* CoreImage.framework in Frameworks */,
				70C7C9D616E175ED001EE73F /* CoreVideo.framework in Frameworks */,
				70C7C9D216E172FB001EE73F /* AVFoundation.framework in Frameworks */,
				70C7C9C316E021C0001EE73F /* QuartzCore.framework in Frameworks */,
				709EC20116DBEF99005F891C /* UIKit.framework in Frameworks */,
				709EC20316DBEF99005F891C /* Foundation.framework in Frameworks */,
				709EC20516DBEF99005F891C /* CoreGraphics.framework in Frameworks */,
			);
			runOnlyForDeploymentPostprocessing = 0;
		};
		709EC21F16DBEF99005F891C /* Frameworks */ = {
			isa = PBXFrameworksBuildPhase;
			buildActionMask = 2147483647;
			files = (
				709EC22516DBEF99005F891C /* SenTestingKit.framework in Frameworks */,
				709EC22616DBEF99005F891C /* UIKit.framework in Frameworks */,
				709EC22716DBEF99005F891C /* Foundation.framework in Frameworks */,
			);
			runOnlyForDeploymentPostprocessing = 0;
		};
/* End PBXFrameworksBuildPhase section */

/* Begin PBXGroup section */
		7023F04316DC3803009306C2 /* Views */ = {
			isa = PBXGroup;
			children = (
				70C7C9AA16DFE629001EE73F /* Table */,
				70C7C98016DFD000001EE73F /* Nibs */,
				7023F05C16DC57A4009306C2 /* ViewControllers */,
				7023F04416DC3803009306C2 /* Base */,
				7046BDA616DD4C5F0077BB39 /* UILabel+NGExtensions.h */,
				7046BDA716DD4C5F0077BB39 /* UILabel+NGExtensions.m */,
				7046BDAE16DD67C20077BB39 /* NGCameraView.h */,
				7046BDAF16DD67C20077BB39 /* NGCameraView.m */,
				70C7C9C416E02724001EE73F /* NGHourlyStatus.h */,
				70C7C9C516E02724001EE73F /* NGHourlyStatus.m */,
				70C7C9C916E02DB0001EE73F /* NGColorSchema.h */,
				70C7C9CC16E06B6D001EE73F /* NGCheckinInterval.h */,
				70C7C9CF16E13A43001EE73F /* NGCheckinInterval.m */,
				70FC569916E811CF00E313D0 /* NGProfileInfo.h */,
				70FC569A16E811CF00E313D0 /* NGProfileInfo.m */,
				70B6D3B116EEA5490083687F /* VGMultistateButton.h */,
				70B6D3B216EEA5490083687F /* VGMultistateButton.m */,
				70B6D3B916EFB89B0083687F /* NGTimerArrow.h */,
				70B6D3BA16EFB89C0083687F /* NGTimerArrow.m */,
				70DE010216F787C700F5E078 /* NGTextField.h */,
				70DE010316F787C700F5E078 /* NGTextField.m */,
				70DE010916F7D74E00F5E078 /* NGPopoverBackgroundView.h */,
				70DE010A16F7D74E00F5E078 /* NGPopoverBackgroundView.m */,
			);
			path = Views;
			sourceTree = "<group>";
		};
		7023F04416DC3803009306C2 /* Base */ = {
			isa = PBXGroup;
			children = (
				7023F04516DC3822009306C2 /* NGBaseViewController.h */,
				7023F04616DC3822009306C2 /* NGBaseViewController.m */,
				70C7C9A316DFE064001EE73F /* NGNibView.h */,
				70C7C9A416DFE064001EE73F /* NGNibView.m */,
			);
			path = Base;
			sourceTree = "<group>";
		};
		7023F04816DC38A1009306C2 /* Utils */ = {
			isa = PBXGroup;
			children = (
				7023F05116DC3B6B009306C2 /* Exceptions */,
				7023F05516DC3C20009306C2 /* Models */,
				7023F05616DC3C44009306C2 /* NGCoreTimer.h */,
				7023F05716DC3C44009306C2 /* NGCoreTimer.m */,
				7023F05916DC53A4009306C2 /* NSDate+NGExtensions.h */,
				7023F05A16DC53A4009306C2 /* NSDate+NGExtensions.m */,
				7049A3D016E66A3600900216 /* UIImage+NGExtensions.h */,
				7049A3D116E66A3600900216 /* UIImage+NGExtensions.m */,
				70B6D3B416EEA8A90083687F /* VGMultistateButton+NGExtensions.h */,
				70B6D3B516EEA8A90083687F /* VGMultistateButton+NGExtensions.m */,
				70B6D3BC16EFCB790083687F /* UIView+NGExtensions.h */,
				70B6D3BD16EFCB790083687F /* UIView+NGExtensions.m */,
			);
			path = Utils;
			sourceTree = "<group>";
		};
		7023F05116DC3B6B009306C2 /* Exceptions */ = {
			isa = PBXGroup;
			children = (
				7023F05216DC3B6B009306C2 /* MMExceptionUtils.h */,
				7023F05316DC3B6B009306C2 /* MMExceptionUtils.m */,
			);
			path = Exceptions;
			sourceTree = "<group>";
		};
		7023F05516DC3C20009306C2 /* Models */ = {
			isa = PBXGroup;
			children = (
				7023F04916DC3ADE009306C2 /* BBDomainObject.h */,
				7023F04A16DC3ADE009306C2 /* BBDomainObjectBase.h */,
				7023F04B16DC3ADE009306C2 /* BBDomainObjectBase.m */,
				7023F04C16DC3ADE009306C2 /* BBObservableObject.h */,
				7023F04D16DC3ADE009306C2 /* BBObservableObject.m */,
				7023F04E16DC3ADE009306C2 /* BBObservableObject+ProtectedMethods.h */,
			);
			name = Models;
			sourceTree = "<group>";
		};
		7023F05C16DC57A4009306C2 /* ViewControllers */ = {
			isa = PBXGroup;
			children = (
				709EC21816DBEF99005F891C /* NGLockScreenController.h */,
				709EC21916DBEF99005F891C /* NGLockScreenController.m */,
				7023F05D16DC57F4009306C2 /* NGCameraViewController.h */,
				7023F05E16DC57F4009306C2 /* NGCameraViewController.m */,
				70C7C98516DFD0A0001EE73F /* NGUserPanelController.h */,
				70C7C98616DFD0A0001EE73F /* NGUserPanelController.m */,
				70DE00FD16F781C800F5E078 /* NGLoginController.h */,
				70DE00FE16F781C800F5E078 /* NGLoginController.m */,
				70DE011016F7DB7E00F5E078 /* NGCallHelpViewController.h */,
				70DE011116F7DB7E00F5E078 /* NGCallHelpViewController.m */,
			);
			path = ViewControllers;
			sourceTree = "<group>";
		};
		7046BD9A16DD454D0077BB39 /* Fonts */ = {
			isa = PBXGroup;
			children = (
				70FC569C16E81EF500E313D0 /* sssymboliconsblock.ttf */,
				704E6F9316EAB89F00255501 /* GothamNarrow-Light.otf */,
				7046BDAA16DD4F4A0077BB39 /* GothamNarrow-Medium.otf */,
				7046BDA016DD477C0077BB39 /* GothamNarrow-Bold.otf */,
				7046BDA116DD477C0077BB39 /* GothamNarrow-Book.otf */,
				7046BD9B16DD45600077BB39 /* GothamBold.otf */,
				7046BD9D16DD466B0077BB39 /* GothamBook.otf */,
			);
			path = Fonts;
			sourceTree = "<group>";
		};
		7049A3A616E5818C00900216 /* AFNetworking */ = {
			isa = PBXGroup;
			children = (
				7049A3A716E5818C00900216 /* AFHTTPClient.h */,
				7049A3A816E5818C00900216 /* AFHTTPClient.m */,
				7049A3A916E5818C00900216 /* AFHTTPRequestOperation.h */,
				7049A3AA16E5818C00900216 /* AFHTTPRequestOperation.m */,
				7049A3AB16E5818C00900216 /* AFImageRequestOperation.h */,
				7049A3AC16E5818C00900216 /* AFImageRequestOperation.m */,
				7049A3AD16E5818C00900216 /* AFJSONRequestOperation.h */,
				7049A3AE16E5818C00900216 /* AFJSONRequestOperation.m */,
				7049A3AF16E5818C00900216 /* AFNetworkActivityIndicatorManager.h */,
				7049A3B016E5818C00900216 /* AFNetworkActivityIndicatorManager.m */,
				7049A3B116E5818C00900216 /* AFNetworking.h */,
				7049A3B216E5818C00900216 /* AFPropertyListRequestOperation.h */,
				7049A3B316E5818C00900216 /* AFPropertyListRequestOperation.m */,
				7049A3B416E5818C00900216 /* AFURLConnectionOperation.h */,
				7049A3B516E5818C00900216 /* AFURLConnectionOperation.m */,
				7049A3B616E5818C00900216 /* AFXMLRequestOperation.h */,
				7049A3B716E5818C00900216 /* AFXMLRequestOperation.m */,
				7049A3B816E5818C00900216 /* UIImageView+AFNetworking.h */,
				7049A3B916E5818C00900216 /* UIImageView+AFNetworking.m */,
			);
			path = AFNetworking;
			sourceTree = "<group>";
		};
		7049A3C316E5833B00900216 /* APIs */ = {
			isa = PBXGroup;
			children = (
				7049A3C416E583EB00900216 /* NGImageRecognizer.h */,
				7049A3C516E583EB00900216 /* NGImageRecognizer.m */,
			);
			path = APIs;
			sourceTree = "<group>";
		};
		7049A3C716E5859D00900216 /* FaceRecognition */ = {
			isa = PBXGroup;
			children = (
				7049A3C816E585CD00900216 /* NGFaceRecognitionResult.h */,
				7049A3C916E585CD00900216 /* NGFaceRecognitionResult.m */,
				7049A3CB16E585E700900216 /* NGFaceRecognitionAlbum.h */,
				7049A3CC16E585E700900216 /* NGFaceRecognitionAlbum.m */,
			);
			path = FaceRecognition;
			sourceTree = "<group>";
		};
		704E6F8A16EAB4D700255501 /* Backgrounds */ = {
			isa = PBXGroup;
			children = (
				704E6FAB16EAC3F400255501 /* ProfileBackground.png */,
				704E6FAC16EAC3F400255501 /* ProfileBackground@2x.png */,
				704E6F9F16EABDDF00255501 /* TableBackground.png */,
				704E6FA116EABDF700255501 /* TableBackground@2x.png */,
				704E6F8F16EAB81300255501 /* LockscreenBg.png */,
				704E6F9016EAB81300255501 /* LockscreenBg@2x.png */,
				704E6F8B16EAB4D700255501 /* ClockBg.png */,
				704E6F8C16EAB4D700255501 /* ClockBg@2x.png */,
			);
			path = Backgrounds;
			sourceTree = "<group>";
		};
		704E6F9616EABBF200255501 /* Frames */ = {
			isa = PBXGroup;
			children = (
				704E6FAF16EAC4FF00255501 /* LineSeparator.png */,
				704E6FB016EAC50000255501 /* LineSeparator@2x.png */,
				704E6FA316EABEB000255501 /* TopBar.png */,
				704E6FA416EABEB000255501 /* TopBar@2x.png */,
				704E6F9716EABBF200255501 /* Box.png */,
				704E6F9816EABBF200255501 /* Box@2x.png */,
				704E6F9916EABBF200255501 /* FaceBox.png */,
				704E6F9A16EABBF200255501 /* FaceBox@2x.png */,
			);
			path = Frames;
			sourceTree = "<group>";
		};
		709EC1F416DBEF99005F891C = {
			isa = PBXGroup;
			children = (
				709EC20616DBEF99005F891C /* FaceCheckin */,
				709EC22A16DBEF99005F891C /* FaceCheckinTests */,
				709EC1FF16DBEF99005F891C /* Frameworks */,
				709EC1FE16DBEF99005F891C /* Products */,
			);
			sourceTree = "<group>";
		};
		709EC1FE16DBEF99005F891C /* Products */ = {
			isa = PBXGroup;
			children = (
				709EC1FD16DBEF99005F891C /* FaceCheckin.app */,
				709EC22316DBEF99005F891C /* FaceCheckinTests.octest */,
			);
			name = Products;
			sourceTree = "<group>";
		};
		709EC1FF16DBEF99005F891C /* Frameworks */ = {
			isa = PBXGroup;
			children = (
				7049A3CE16E6679D00900216 /* AssetsLibrary.framework */,
				70C7C9D116E172FB001EE73F /* AVFoundation.framework */,
				709EC20416DBEF99005F891C /* CoreGraphics.framework */,
				70C7C9D716E18369001EE73F /* CoreImage.framework */,
				70C7C9D316E175E6001EE73F /* CoreMedia.framework */,
				70C7C9D516E175EC001EE73F /* CoreVideo.framework */,
				709EC20216DBEF99005F891C /* Foundation.framework */,
				70C7C9D916E18392001EE73F /* ImageIO.framework */,
				70C7C9C216E021C0001EE73F /* QuartzCore.framework */,
				709EC22416DBEF99005F891C /* SenTestingKit.framework */,
				709EC20016DBEF99005F891C /* UIKit.framework */,
			);
			name = Frameworks;
			sourceTree = "<group>";
		};
		709EC20616DBEF99005F891C /* FaceCheckin */ = {
			isa = PBXGroup;
			children = (
				70C7C99F16DFDD0C001EE73F /* Models */,
				70C7C99416DFDBFA001EE73F /* Frameworks */,
				70C7C98F16DFD68A001EE73F /* Images */,
				7046BD9A16DD454D0077BB39 /* Fonts */,
				7023F04816DC38A1009306C2 /* Utils */,
				7023F04316DC3803009306C2 /* Views */,
				709EC20F16DBEF99005F891C /* NGAppDelegate.h */,
				709EC21016DBEF99005F891C /* NGAppDelegate.m */,
				709EC20716DBEF99005F891C /* Supporting Files */,
			);
			path = FaceCheckin;
			sourceTree = "<group>";
		};
		709EC20716DBEF99005F891C /* Supporting Files */ = {
			isa = PBXGroup;
			children = (
				709EC20816DBEF99005F891C /* FaceCheckin-Info.plist */,
				709EC20916DBEF99005F891C /* InfoPlist.strings */,
				709EC20C16DBEF99005F891C /* main.m */,
				709EC20E16DBEF99005F891C /* FaceCheckin-Prefix.pch */,
				709EC21216DBEF99005F891C /* Default.png */,
				709EC21416DBEF99005F891C /* Default@2x.png */,
				709EC21616DBEF99005F891C /* Default-568h@2x.png */,
			);
			name = "Supporting Files";
			sourceTree = "<group>";
		};
		709EC22A16DBEF99005F891C /* FaceCheckinTests */ = {
			isa = PBXGroup;
			children = (
				70FC56E316E93A2000E313D0 /* Resources */,
				709EC23016DBEF9A005F891C /* FaceCheckinTests.h */,
				709EC23116DBEF9A005F891C /* FaceCheckinTests.m */,
				709EC22B16DBEF99005F891C /* Supporting Files */,
			);
			path = FaceCheckinTests;
			sourceTree = "<group>";
		};
		709EC22B16DBEF99005F891C /* Supporting Files */ = {
			isa = PBXGroup;
			children = (
				709EC22C16DBEF99005F891C /* FaceCheckinTests-Info.plist */,
				709EC22D16DBEF99005F891C /* InfoPlist.strings */,
			);
			name = "Supporting Files";
			sourceTree = "<group>";
		};
		70B6D39816EEA2940083687F /* Buttons */ = {
			isa = PBXGroup;
			children = (
				70B6D39916EEA2940083687F /* ClockInButton-Normal.png */,
				70B6D39A16EEA2940083687F /* ClockInButton-Normal@2x.png */,
				70B6D39B16EEA2940083687F /* ClockInButton-Pressed.png */,
				70B6D39C16EEA2940083687F /* ClockInButton-Pressed@2x.png */,
				70B6D39D16EEA2940083687F /* ClockOutButton-Normal.png */,
				70B6D39E16EEA2940083687F /* ClockOutButton-Normal@2x.png */,
				70B6D39F16EEA2940083687F /* ClockOutButton-Pressed.png */,
				70B6D3A016EEA2940083687F /* ClockOutButton-Pressed@2x.png */,
				70B6D3A116EEA2940083687F /* DoneButton-Normal.png */,
				70B6D3A216EEA2940083687F /* DoneButton-Normal@2x.png */,
				70B6D3A316EEA2940083687F /* DoneButton-Pressed.png */,
				70B6D3A416EEA2940083687F /* DoneButton-Pressed@2x.png */,
			);
			path = Buttons;
			sourceTree = "<group>";
		};
		70C7C98016DFD000001EE73F /* Nibs */ = {
			isa = PBXGroup;
			children = (
				70FC569416E80D9E00E313D0 /* Controls */,
				70C7C9AE16DFE652001EE73F /* Cells */,
				70C7C98116DFD000001EE73F /* NGCameraViewController.xib */,
				70C7C98216DFD000001EE73F /* NGLockScreenController.xib */,
				70C7C98816DFD0B6001EE73F /* NGUserPanelController.xib */,
				70C7C9C716E02738001EE73F /* NGHourlyStatus.xib */,
				70C7C9CA16E06B34001EE73F /* NGCheckinInterval.xib */,
				70DE010016F7847100F5E078 /* NGLoginController.xib */,
				70DE011316F7DB8D00F5E078 /* NGCallHelpViewController.xib */,
			);
			path = Nibs;
			sourceTree = "<group>";
		};
		70C7C98F16DFD68A001EE73F /* Images */ = {
			isa = PBXGroup;
			children = (
				70B6D39816EEA2940083687F /* Buttons */,
				704E6F9616EABBF200255501 /* Frames */,
				704E6F8A16EAB4D700255501 /* Backgrounds */,
				70FC56D616E9213900E313D0 /* Icons */,
			);
			path = Images;
			sourceTree = "<group>";
		};
		70C7C99416DFDBFA001EE73F /* Frameworks */ = {
			isa = PBXGroup;
			children = (
				7049A3A616E5818C00900216 /* AFNetworking */,
				70FC568E16E6D7A700E313D0 /* Loading */,
				70C7C99516DFDBFA001EE73F /* TableViewFramework */,
			);
			path = Frameworks;
			sourceTree = "<group>";
		};
		70C7C99516DFDBFA001EE73F /* TableViewFramework */ = {
			isa = PBXGroup;
			children = (
				70C7C99616DFDBFA001EE73F /* CellFramework */,
				70C7C99B16DFDBFA001EE73F /* CUCellBase.h */,
				70C7C99C16DFDBFA001EE73F /* CUCellBase.m */,
			);
			path = TableViewFramework;
			sourceTree = "<group>";
		};
		70C7C99616DFDBFA001EE73F /* CellFramework */ = {
			isa = PBXGroup;
			children = (
				70C7C99716DFDBFA001EE73F /* CUCellFramework.h */,
				70C7C99816DFDBFA001EE73F /* CUCellFramework.m */,
				70C7C99916DFDBFA001EE73F /* CUCellProtocols.h */,
				70C7C99A16DFDBFA001EE73F /* CUTableViewDelegate+ProtectedMethods.h */,
			);
			path = CellFramework;
			sourceTree = "<group>";
		};
		70C7C99F16DFDD0C001EE73F /* Models */ = {
			isa = PBXGroup;
			children = (
				7049A3C316E5833B00900216 /* APIs */,
				70C7C9B516DFEACD001EE73F /* Base */,
				70C7C9B116DFE806001EE73F /* CellItems */,
				7049A3C716E5859D00900216 /* FaceRecognition */,
				70FC568716E6BE6900E313D0 /* HRCloud */,
				704E6F8416EA5EDF00255501 /* NGCheckinData.h */,
				704E6F8516EA5EDF00255501 /* NGCheckinData.m */,
				70C7C9B916DFEB08001EE73F /* NGDailyTimeClockData.h */,
				70C7C9BA16DFEB08001EE73F /* NGDailyTimeClockData.m */,
			);
			path = Models;
			sourceTree = "<group>";
		};
		70C7C9AA16DFE629001EE73F /* Table */ = {
			isa = PBXGroup;
			children = (
				70C7C9AB16DFE63E001EE73F /* NGDailyReportCell.h */,
				70C7C9AC16DFE63E001EE73F /* NGDailyReportCell.m */,
			);
			path = Table;
			sourceTree = "<group>";
		};
		70C7C9AE16DFE652001EE73F /* Cells */ = {
			isa = PBXGroup;
			children = (
				70C7C9AF16DFE671001EE73F /* NGDailyReportCell.xib */,
			);
			path = Cells;
			sourceTree = "<group>";
		};
		70C7C9B116DFE806001EE73F /* CellItems */ = {
			isa = PBXGroup;
			children = (
				70C7C9B216DFE826001EE73F /* NGDailyReportCellObject.h */,
				70C7C9B316DFE826001EE73F /* NGDailyReportCellObject.m */,
			);
			path = CellItems;
			sourceTree = "<group>";
		};
		70C7C9B516DFEACD001EE73F /* Base */ = {
			isa = PBXGroup;
			children = (
				70C7C9B616DFEACD001EE73F /* NGDomainObjectBase.h */,
				70C7C9B716DFEACD001EE73F /* NGDomainObjectBase.m */,
			);
			path = Base;
			sourceTree = "<group>";
		};
		70FC568716E6BE6900E313D0 /* HRCloud */ = {
			isa = PBXGroup;
			children = (
				70FC568816E6C13500E313D0 /* NGHRCloudApi.h */,
				70FC568916E6C13500E313D0 /* NGHRCloudApi.m */,
				70FC568B16E6C87800E313D0 /* NGEmployeeData.h */,
				70FC568C16E6C87800E313D0 /* NGEmployeeData.m */,
				70FC569216E7F7D000E313D0 /* MockResponse.json */,
				70FC569E16E8269F00E313D0 /* NGCloudObjectAPI.h */,
				70FC569F16E8269F00E313D0 /* NGCloudObjectAPI.m */,
				704E6F8716EAA9D500255501 /* NGTimeClockCloudObject.h */,
				704E6F8816EAA9D500255501 /* NGTimeClockCloudObject.m */,
			);
			path = HRCloud;
			sourceTree = "<group>";
		};
		70FC568E16E6D7A700E313D0 /* Loading */ = {
			isa = PBXGroup;
			children = (
				70FC568F16E6D7A700E313D0 /* MBProgressHUD.h */,
				70FC569016E6D7A700E313D0 /* MBProgressHUD.m */,
			);
			path = Loading;
			sourceTree = "<group>";
		};
		70FC569416E80D9E00E313D0 /* Controls */ = {
			isa = PBXGroup;
			children = (
				70FC569516E80DBD00E313D0 /* NGProfileInfo.xib */,
				70B6D3B716EFB86D0083687F /* NGTimerArrow.xib */,
			);
			path = Controls;
			sourceTree = "<group>";
		};
		70FC56D616E9213900E313D0 /* Icons */ = {
			isa = PBXGroup;
			children = (
				70DE010C16F7D7EB00F5E078 /* arrow-bg.png */,
				70DE010D16F7D7EB00F5E078 /* popover-bg.png */,
				70DE010516F790F200F5E078 /* Pic1.png */,
				70DE010616F790F300F5E078 /* Pic2.jpeg */,
				704E6FA716EABF3B00255501 /* CancelButton.png */,
				704E6FA816EABF3B00255501 /* CancelButton@2x.png */,
				70FC56D716E9213900E313D0 /* Calendar.png */,
				70FC56D816E9213900E313D0 /* Calendar@2x.png */,
				70FC56D916E9213900E313D0 /* Clock.png */,
				70FC56DA16E9213900E313D0 /* Clock@2x.png */,
			);
			path = Icons;
			sourceTree = "<group>";
		};
		70FC56E316E93A2000E313D0 /* Resources */ = {
			isa = PBXGroup;
			children = (
				70FC56E416E93A4600E313D0 /* TimeClockMock.json */,
			);
			path = Resources;
			sourceTree = "<group>";
		};
/* End PBXGroup section */

/* Begin PBXNativeTarget section */
		709EC1FC16DBEF99005F891C /* FaceCheckin */ = {
			isa = PBXNativeTarget;
			buildConfigurationList = 709EC23516DBEF9A005F891C /* Build configuration list for PBXNativeTarget "FaceCheckin" */;
			buildPhases = (
				709EC1F916DBEF99005F891C /* Sources */,
				709EC1FA16DBEF99005F891C /* Frameworks */,
				709EC1FB16DBEF99005F891C /* Resources */,
			);
			buildRules = (
			);
			dependencies = (
			);
			name = FaceCheckin;
			productName = FaceCheckin;
			productReference = 709EC1FD16DBEF99005F891C /* FaceCheckin.app */;
			productType = "com.apple.product-type.application";
		};
		709EC22216DBEF99005F891C /* FaceCheckinTests */ = {
			isa = PBXNativeTarget;
			buildConfigurationList = 709EC23816DBEF9A005F891C /* Build configuration list for PBXNativeTarget "FaceCheckinTests" */;
			buildPhases = (
				709EC21E16DBEF99005F891C /* Sources */,
				709EC21F16DBEF99005F891C /* Frameworks */,
				709EC22016DBEF99005F891C /* Resources */,
				709EC22116DBEF99005F891C /* ShellScript */,
			);
			buildRules = (
			);
			dependencies = (
				709EC22916DBEF99005F891C /* PBXTargetDependency */,
			);
			name = FaceCheckinTests;
			productName = FaceCheckinTests;
			productReference = 709EC22316DBEF99005F891C /* FaceCheckinTests.octest */;
			productType = "com.apple.product-type.bundle";
		};
/* End PBXNativeTarget section */

/* Begin PBXProject section */
		709EC1F516DBEF99005F891C /* Project object */ = {
			isa = PBXProject;
			attributes = {
				CLASSPREFIX = NG;
				LastUpgradeCheck = 0460;
				ORGANIZATIONNAME = Neogov;
			};
			buildConfigurationList = 709EC1F816DBEF99005F891C /* Build configuration list for PBXProject "FaceCheckin" */;
			compatibilityVersion = "Xcode 3.2";
			developmentRegion = English;
			hasScannedForEncodings = 0;
			knownRegions = (
				en,
			);
			mainGroup = 709EC1F416DBEF99005F891C;
			productRefGroup = 709EC1FE16DBEF99005F891C /* Products */;
			projectDirPath = "";
			projectRoot = "";
			targets = (
				709EC1FC16DBEF99005F891C /* FaceCheckin */,
				709EC22216DBEF99005F891C /* FaceCheckinTests */,
			);
		};
/* End PBXProject section */

/* Begin PBXResourcesBuildPhase section */
		709EC1FB16DBEF99005F891C /* Resources */ = {
			isa = PBXResourcesBuildPhase;
			buildActionMask = 2147483647;
			files = (
				704E6F9516EABB4700255501 /* GothamNarrow-Light.otf in Resources */,
				70FC56E616E93C5300E313D0 /* TimeClockMock.json in Resources */,
				709EC20B16DBEF99005F891C /* InfoPlist.strings in Resources */,
				709EC21316DBEF99005F891C /* Default.png in Resources */,
				709EC21516DBEF99005F891C /* Default@2x.png in Resources */,
				709EC21716DBEF99005F891C /* Default-568h@2x.png in Resources */,
				7046BD9C16DD45600077BB39 /* GothamBold.otf in Resources */,
				7046BD9E16DD466B0077BB39 /* GothamBook.otf in Resources */,
				7046BDA216DD477C0077BB39 /* GothamNarrow-Bold.otf in Resources */,
				7046BDA416DD477C0077BB39 /* GothamNarrow-Book.otf in Resources */,
				7046BDAB16DD4F4A0077BB39 /* GothamNarrow-Medium.otf in Resources */,
				70C7C98316DFD000001EE73F /* NGCameraViewController.xib in Resources */,
				70C7C98416DFD000001EE73F /* NGLockScreenController.xib in Resources */,
				70C7C98916DFD0B6001EE73F /* NGUserPanelController.xib in Resources */,
				70C7C9B016DFE671001EE73F /* NGDailyReportCell.xib in Resources */,
				70C7C9C816E02738001EE73F /* NGHourlyStatus.xib in Resources */,
				70C7C9CB16E06B34001EE73F /* NGCheckinInterval.xib in Resources */,
				70FC569316E7F7D000E313D0 /* MockResponse.json in Resources */,
				70FC569616E80DBD00E313D0 /* NGProfileInfo.xib in Resources */,
				70FC56DD16E9213900E313D0 /* Calendar.png in Resources */,
				70FC56DE16E9213900E313D0 /* Calendar@2x.png in Resources */,
				70FC56DF16E9213900E313D0 /* Clock.png in Resources */,
				70FC56E016E9213900E313D0 /* Clock@2x.png in Resources */,
				704E6F8D16EAB4D700255501 /* ClockBg.png in Resources */,
				704E6F8E16EAB4D700255501 /* ClockBg@2x.png in Resources */,
				704E6F9116EAB81300255501 /* LockscreenBg.png in Resources */,
				704E6F9216EAB81300255501 /* LockscreenBg@2x.png in Resources */,
				704E6F9B16EABBF200255501 /* Box.png in Resources */,
				704E6F9C16EABBF200255501 /* Box@2x.png in Resources */,
				704E6F9D16EABBF200255501 /* FaceBox.png in Resources */,
				704E6F9E16EABBF200255501 /* FaceBox@2x.png in Resources */,
				704E6FA016EABDDF00255501 /* TableBackground.png in Resources */,
				704E6FA216EABDF700255501 /* TableBackground@2x.png in Resources */,
				704E6FA516EABEB000255501 /* TopBar.png in Resources */,
				704E6FA616EABEB000255501 /* TopBar@2x.png in Resources */,
				704E6FA916EABF3B00255501 /* CancelButton.png in Resources */,
				704E6FAA16EABF3B00255501 /* CancelButton@2x.png in Resources */,
				704E6FAD16EAC3F400255501 /* ProfileBackground.png in Resources */,
				704E6FAE16EAC3F400255501 /* ProfileBackground@2x.png in Resources */,
				704E6FB116EAC50000255501 /* LineSeparator.png in Resources */,
				704E6FB216EAC50000255501 /* LineSeparator@2x.png in Resources */,
				70B6D3A516EEA2940083687F /* ClockInButton-Normal.png in Resources */,
				70B6D3A616EEA2940083687F /* ClockInButton-Normal@2x.png in Resources */,
				70B6D3A716EEA2940083687F /* ClockInButton-Pressed.png in Resources */,
				70B6D3A816EEA2940083687F /* ClockInButton-Pressed@2x.png in Resources */,
				70B6D3A916EEA2940083687F /* ClockOutButton-Normal.png in Resources */,
				70B6D3AA16EEA2940083687F /* ClockOutButton-Normal@2x.png in Resources */,
				70B6D3AB16EEA2940083687F /* ClockOutButton-Pressed.png in Resources */,
				70B6D3AC16EEA2940083687F /* ClockOutButton-Pressed@2x.png in Resources */,
				70B6D3AD16EEA2940083687F /* DoneButton-Normal.png in Resources */,
				70B6D3AE16EEA2940083687F /* DoneButton-Normal@2x.png in Resources */,
				70B6D3AF16EEA2940083687F /* DoneButton-Pressed.png in Resources */,
				70B6D3B016EEA2940083687F /* DoneButton-Pressed@2x.png in Resources */,
				70B6D3B816EFB86D0083687F /* NGTimerArrow.xib in Resources */,
				70DE010116F7847100F5E078 /* NGLoginController.xib in Resources */,
				70DE010716F790F300F5E078 /* Pic1.png in Resources */,
				70DE010816F790F300F5E078 /* Pic2.jpeg in Resources */,
				70DE010E16F7D7EB00F5E078 /* arrow-bg.png in Resources */,
				70DE010F16F7D7EB00F5E078 /* popover-bg.png in Resources */,
				70DE011416F7DB8D00F5E078 /* NGCallHelpViewController.xib in Resources */,
			);
			runOnlyForDeploymentPostprocessing = 0;
		};
		709EC22016DBEF99005F891C /* Resources */ = {
			isa = PBXResourcesBuildPhase;
			buildActionMask = 2147483647;
			files = (
				709EC22F16DBEF99005F891C /* InfoPlist.strings in Resources */,
				7046BDA316DD477C0077BB39 /* GothamNarrow-Bold.otf in Resources */,
				7046BDA516DD477C0077BB39 /* GothamNarrow-Book.otf in Resources */,
				70FC569D16E81EF500E313D0 /* sssymboliconsblock.ttf in Resources */,
				70FC56E516E93A4600E313D0 /* TimeClockMock.json in Resources */,
				704E6F9416EAB89F00255501 /* GothamNarrow-Light.otf in Resources */,
			);
			runOnlyForDeploymentPostprocessing = 0;
		};
/* End PBXResourcesBuildPhase section */

/* Begin PBXShellScriptBuildPhase section */
		709EC22116DBEF99005F891C /* ShellScript */ = {
			isa = PBXShellScriptBuildPhase;
			buildActionMask = 2147483647;
			files = (
			);
			inputPaths = (
			);
			outputPaths = (
			);
			runOnlyForDeploymentPostprocessing = 0;
			shellPath = /bin/sh;
			shellScript = "# Run the unit tests in this test bundle.\n\"${SYSTEM_DEVELOPER_DIR}/Tools/RunUnitTests\"\n";
		};
/* End PBXShellScriptBuildPhase section */

/* Begin PBXSourcesBuildPhase section */
		709EC1F916DBEF99005F891C /* Sources */ = {
			isa = PBXSourcesBuildPhase;
			buildActionMask = 2147483647;
			files = (
				709EC20D16DBEF99005F891C /* main.m in Sources */,
				709EC21116DBEF99005F891C /* NGAppDelegate.m in Sources */,
				709EC21A16DBEF99005F891C /* NGLockScreenController.m in Sources */,
				7023F04716DC3822009306C2 /* NGBaseViewController.m in Sources */,
				7023F04F16DC3ADE009306C2 /* BBDomainObjectBase.m in Sources */,
				7023F05016DC3ADE009306C2 /* BBObservableObject.m in Sources */,
				7023F05416DC3B6B009306C2 /* MMExceptionUtils.m in Sources */,
				7023F05816DC3C44009306C2 /* NGCoreTimer.m in Sources */,
				7023F05B16DC53A4009306C2 /* NSDate+NGExtensions.m in Sources */,
				7023F05F16DC57F4009306C2 /* NGCameraViewController.m in Sources */,
				7046BDA816DD4C5F0077BB39 /* UILabel+NGExtensions.m in Sources */,
				7046BDB016DD67C20077BB39 /* NGCameraView.m in Sources */,
				70C7C98716DFD0A0001EE73F /* NGUserPanelController.m in Sources */,
				70C7C99D16DFDBFA001EE73F /* CUCellFramework.m in Sources */,
				70C7C99E16DFDBFA001EE73F /* CUCellBase.m in Sources */,
				70C7C9A516DFE064001EE73F /* NGNibView.m in Sources */,
				70C7C9AD16DFE63E001EE73F /* NGDailyReportCell.m in Sources */,
				70C7C9B416DFE826001EE73F /* NGDailyReportCellObject.m in Sources */,
				70C7C9B816DFEACD001EE73F /* NGDomainObjectBase.m in Sources */,
				70C7C9BB16DFEB08001EE73F /* NGDailyTimeClockData.m in Sources */,
				70C7C9C616E02724001EE73F /* NGHourlyStatus.m in Sources */,
				70C7C9D016E13A43001EE73F /* NGCheckinInterval.m in Sources */,
				7049A3BA16E5818C00900216 /* AFHTTPClient.m in Sources */,
				7049A3BB16E5818C00900216 /* AFHTTPRequestOperation.m in Sources */,
				7049A3BC16E5818C00900216 /* AFImageRequestOperation.m in Sources */,
				7049A3BD16E5818C00900216 /* AFJSONRequestOperation.m in Sources */,
				7049A3BE16E5818C00900216 /* AFNetworkActivityIndicatorManager.m in Sources */,
				7049A3BF16E5818C00900216 /* AFPropertyListRequestOperation.m in Sources */,
				7049A3C016E5818C00900216 /* AFURLConnectionOperation.m in Sources */,
				7049A3C116E5818C00900216 /* AFXMLRequestOperation.m in Sources */,
				7049A3C216E5818C00900216 /* UIImageView+AFNetworking.m in Sources */,
				7049A3C616E583EB00900216 /* NGImageRecognizer.m in Sources */,
				7049A3CA16E585CD00900216 /* NGFaceRecognitionResult.m in Sources */,
				7049A3CD16E585E700900216 /* NGFaceRecognitionAlbum.m in Sources */,
				7049A3D216E66A3600900216 /* UIImage+NGExtensions.m in Sources */,
				70FC568A16E6C13500E313D0 /* NGHRCloudApi.m in Sources */,
				70FC568D16E6C87800E313D0 /* NGEmployeeData.m in Sources */,
				70FC569116E6D7A700E313D0 /* MBProgressHUD.m in Sources */,
				70FC569B16E811CF00E313D0 /* NGProfileInfo.m in Sources */,
				70FC56A016E8269F00E313D0 /* NGCloudObjectAPI.m in Sources */,
				704E6F8616EA5EDF00255501 /* NGCheckinData.m in Sources */,
				704E6F8916EAA9D500255501 /* NGTimeClockCloudObject.m in Sources */,
				70B6D3B316EEA5490083687F /* VGMultistateButton.m in Sources */,
				70B6D3B616EEA8A90083687F /* VGMultistateButton+NGExtensions.m in Sources */,
				70B6D3BB16EFB89D0083687F /* NGTimerArrow.m in Sources */,
				70B6D3BE16EFCB7A0083687F /* UIView+NGExtensions.m in Sources */,
				70DE00FF16F781C800F5E078 /* NGLoginController.m in Sources */,
				70DE010416F787C700F5E078 /* NGTextField.m in Sources */,
				70DE010B16F7D74F00F5E078 /* NGPopoverBackgroundView.m in Sources */,
				70DE011216F7DB7F00F5E078 /* NGCallHelpViewController.m in Sources */,
			);
			runOnlyForDeploymentPostprocessing = 0;
		};
		709EC21E16DBEF99005F891C /* Sources */ = {
			isa = PBXSourcesBuildPhase;
			buildActionMask = 2147483647;
			files = (
				709EC23216DBEF9A005F891C /* FaceCheckinTests.m in Sources */,
				7046BDA916DD4C5F0077BB39 /* UILabel+NGExtensions.m in Sources */,
			);
			runOnlyForDeploymentPostprocessing = 0;
		};
/* End PBXSourcesBuildPhase section */

/* Begin PBXTargetDependency section */
		709EC22916DBEF99005F891C /* PBXTargetDependency */ = {
			isa = PBXTargetDependency;
			target = 709EC1FC16DBEF99005F891C /* FaceCheckin */;
			targetProxy = 709EC22816DBEF99005F891C /* PBXContainerItemProxy */;
		};
/* End PBXTargetDependency section */

/* Begin PBXVariantGroup section */
		709EC20916DBEF99005F891C /* InfoPlist.strings */ = {
			isa = PBXVariantGroup;
			children = (
				709EC20A16DBEF99005F891C /* en */,
			);
			name = InfoPlist.strings;
			sourceTree = "<group>";
		};
		709EC22D16DBEF99005F891C /* InfoPlist.strings */ = {
			isa = PBXVariantGroup;
			children = (
				709EC22E16DBEF99005F891C /* en */,
			);
			name = InfoPlist.strings;
			sourceTree = "<group>";
		};
/* End PBXVariantGroup section */

/* Begin XCBuildConfiguration section */
		709EC23316DBEF9A005F891C /* Debug */ = {
			isa = XCBuildConfiguration;
			buildSettings = {
				ALWAYS_SEARCH_USER_PATHS = NO;
				CLANG_CXX_LANGUAGE_STANDARD = "gnu++0x";
				CLANG_CXX_LIBRARY = "libc++";
				CLANG_ENABLE_OBJC_ARC = YES;
				CLANG_WARN_CONSTANT_CONVERSION = YES;
				CLANG_WARN_EMPTY_BODY = YES;
				CLANG_WARN_ENUM_CONVERSION = YES;
				CLANG_WARN_INT_CONVERSION = YES;
				CLANG_WARN__DUPLICATE_METHOD_MATCH = YES;
				"CODE_SIGN_IDENTITY[sdk=iphoneos*]" = "iPhone Developer";
				COPY_PHASE_STRIP = NO;
				GCC_C_LANGUAGE_STANDARD = gnu99;
				GCC_DYNAMIC_NO_PIC = NO;
				GCC_OPTIMIZATION_LEVEL = 0;
				GCC_PREPROCESSOR_DEFINITIONS = (
					"DEBUG=1",
					"$(inherited)",
				);
				GCC_SYMBOLS_PRIVATE_EXTERN = NO;
				GCC_WARN_ABOUT_RETURN_TYPE = YES;
				GCC_WARN_UNINITIALIZED_AUTOS = YES;
				GCC_WARN_UNUSED_VARIABLE = YES;
				IPHONEOS_DEPLOYMENT_TARGET = 6.0;
				ONLY_ACTIVE_ARCH = YES;
				SDKROOT = iphoneos;
				TARGETED_DEVICE_FAMILY = 2;
			};
			name = Debug;
		};
		709EC23416DBEF9A005F891C /* Release */ = {
			isa = XCBuildConfiguration;
			buildSettings = {
				ALWAYS_SEARCH_USER_PATHS = NO;
				CLANG_CXX_LANGUAGE_STANDARD = "gnu++0x";
				CLANG_CXX_LIBRARY = "libc++";
				CLANG_ENABLE_OBJC_ARC = YES;
				CLANG_WARN_CONSTANT_CONVERSION = YES;
				CLANG_WARN_EMPTY_BODY = YES;
				CLANG_WARN_ENUM_CONVERSION = YES;
				CLANG_WARN_INT_CONVERSION = YES;
				CLANG_WARN__DUPLICATE_METHOD_MATCH = YES;
				"CODE_SIGN_IDENTITY[sdk=iphoneos*]" = "iPhone Developer";
				COPY_PHASE_STRIP = YES;
				GCC_C_LANGUAGE_STANDARD = gnu99;
				GCC_WARN_ABOUT_RETURN_TYPE = YES;
				GCC_WARN_UNINITIALIZED_AUTOS = YES;
				GCC_WARN_UNUSED_VARIABLE = YES;
				IPHONEOS_DEPLOYMENT_TARGET = 6.0;
				OTHER_CFLAGS = "-DNS_BLOCK_ASSERTIONS=1";
				SDKROOT = iphoneos;
				TARGETED_DEVICE_FAMILY = 2;
				VALIDATE_PRODUCT = YES;
			};
			name = Release;
		};
		709EC23616DBEF9A005F891C /* Debug */ = {
			isa = XCBuildConfiguration;
			buildSettings = {
				GCC_PRECOMPILE_PREFIX_HEADER = YES;
				GCC_PREFIX_HEADER = "FaceCheckin/FaceCheckin-Prefix.pch";
				INFOPLIST_FILE = "FaceCheckin/FaceCheckin-Info.plist";
				IPHONEOS_DEPLOYMENT_TARGET = 6.0;
				PRODUCT_NAME = "$(TARGET_NAME)";
				WRAPPER_EXTENSION = app;
			};
			name = Debug;
		};
		709EC23716DBEF9A005F891C /* Release */ = {
			isa = XCBuildConfiguration;
			buildSettings = {
				GCC_PRECOMPILE_PREFIX_HEADER = YES;
				GCC_PREFIX_HEADER = "FaceCheckin/FaceCheckin-Prefix.pch";
				INFOPLIST_FILE = "FaceCheckin/FaceCheckin-Info.plist";
				IPHONEOS_DEPLOYMENT_TARGET = 6.0;
				PRODUCT_NAME = "$(TARGET_NAME)";
				WRAPPER_EXTENSION = app;
			};
			name = Release;
		};
		709EC23916DBEF9A005F891C /* Debug */ = {
			isa = XCBuildConfiguration;
			buildSettings = {
				BUNDLE_LOADER = "$(BUILT_PRODUCTS_DIR)/FaceCheckin.app/FaceCheckin";
				FRAMEWORK_SEARCH_PATHS = (
					"\"$(SDKROOT)/Developer/Library/Frameworks\"",
					"\"$(DEVELOPER_LIBRARY_DIR)/Frameworks\"",
				);
				GCC_PRECOMPILE_PREFIX_HEADER = YES;
				GCC_PREFIX_HEADER = "FaceCheckin/FaceCheckin-Prefix.pch";
				INFOPLIST_FILE = "FaceCheckinTests/FaceCheckinTests-Info.plist";
				PRODUCT_NAME = "$(TARGET_NAME)";
				TEST_HOST = "$(BUNDLE_LOADER)";
				WRAPPER_EXTENSION = octest;
			};
			name = Debug;
		};
		709EC23A16DBEF9A005F891C /* Release */ = {
			isa = XCBuildConfiguration;
			buildSettings = {
				BUNDLE_LOADER = "$(BUILT_PRODUCTS_DIR)/FaceCheckin.app/FaceCheckin";
				FRAMEWORK_SEARCH_PATHS = (
					"\"$(SDKROOT)/Developer/Library/Frameworks\"",
					"\"$(DEVELOPER_LIBRARY_DIR)/Frameworks\"",
				);
				GCC_PRECOMPILE_PREFIX_HEADER = YES;
				GCC_PREFIX_HEADER = "FaceCheckin/FaceCheckin-Prefix.pch";
				INFOPLIST_FILE = "FaceCheckinTests/FaceCheckinTests-Info.plist";
				PRODUCT_NAME = "$(TARGET_NAME)";
				TEST_HOST = "$(BUNDLE_LOADER)";
				WRAPPER_EXTENSION = octest;
			};
			name = Release;
		};
/* End XCBuildConfiguration section */

/* Begin XCConfigurationList section */
		709EC1F816DBEF99005F891C /* Build configuration list for PBXProject "FaceCheckin" */ = {
			isa = XCConfigurationList;
			buildConfigurations = (
				709EC23316DBEF9A005F891C /* Debug */,
				709EC23416DBEF9A005F891C /* Release */,
			);
			defaultConfigurationIsVisible = 0;
			defaultConfigurationName = Release;
		};
		709EC23516DBEF9A005F891C /* Build configuration list for PBXNativeTarget "FaceCheckin" */ = {
			isa = XCConfigurationList;
			buildConfigurations = (
				709EC23616DBEF9A005F891C /* Debug */,
				709EC23716DBEF9A005F891C /* Release */,
			);
			defaultConfigurationIsVisible = 0;
			defaultConfigurationName = Release;
		};
		709EC23816DBEF9A005F891C /* Build configuration list for PBXNativeTarget "FaceCheckinTests" */ = {
			isa = XCConfigurationList;
			buildConfigurations = (
				709EC23916DBEF9A005F891C /* Debug */,
				709EC23A16DBEF9A005F891C /* Release */,
			);
			defaultConfigurationIsVisible = 0;
			defaultConfigurationName = Release;
		};
/* End XCConfigurationList section */
	};
	rootObject = 709EC1F516DBEF99005F891C /* Project object */;
}
